
Microsoft Visual Studio Solution File, Format Version 10.00
# Visual Studio 2008
Project("{FAE04EC0-301F-11D3-BF4B-00C04F79EFBC}") = "WhyInterfaces.Data", "WhyInterfaces.Data\WhyInterfaces.Data.csproj", "{9C7C402F-6B16-4470-BE6E-31D387806D06}"
EndProject
Project("{FAE04EC0-301F-11D3-BF4B-00C04F79EFBC}") = "WhyInterfaces.Service", "WhyInterfaces.Service\WhyInterfaces.Service.csproj", "{3423F041-1DA3-4B94-BDBA-6A44C3D94495}"
EndProject
Project("{FAE04EC0-301F-11D3-BF4B-00C04F79EFBC}") = "WhyInterfaces.Test", "WhyInterfaces.Test\WhyInterfaces.Test.csproj", "{C3E3AFFE-748F-4490-B560-75A43BB1B9C6}"
EndProject
Project("{2150E333-8FDC-42A3-9474-1A3956D46DE8}") = "Solution Items", "Solution Items", "{B216BB44-76A3-4FAD-B097-7C2A2BBB0010}"
	ProjectSection(SolutionItems) = preProject
		LocalTestRun.testrunconfig = LocalTestRun.testrunconfig
		WhyInterfaces.vsmdi = WhyInterfaces.vsmdi
	EndProjectSection
EndProject
Global
	GlobalSection(TestCaseManagementSettings) = postSolution
		CategoryFile = WhyInterfaces.vsmdi
	EndGlobalSection
	GlobalSection(SolutionConfigurationPlatforms) = preSolution
		Debug|Any CPU = Debug|Any CPU
		Release|Any CPU = Release|Any CPU
	EndGlobalSection
	GlobalSection(ProjectConfigurationPlatforms) = postSolution
		{9C7C402F-6B16-4470-BE6E-31D387806D06}.Debug|Any CPU.ActiveCfg = Debug|Any CPU
		{9C7C402F-6B16-4470-BE6E-31D387806D06}.Debug|Any CPU.Build.0 = Debug|Any CPU
		{9C7C402F-6B16-4470-BE6E-31D387806D06}.Release|Any CPU.ActiveCfg = Release|Any CPU
		{9C7C402F-6B16-4470-BE6E-31D387806D06}.Release|Any CPU.Build.0 = Release|Any CPU
		{3423F041-1DA3-4B94-BDBA-6A44C3D94495}.Debug|Any CPU.ActiveCfg = Debug|Any CPU
		{3423F041-1DA3-4B94-BDBA-6A44C3D94495}.Debug|Any CPU.Build.0 = Debug|Any CPU
		{3423F041-1DA3-4B94-BDBA-6A44C3D94495}.Release|Any CPU.ActiveCfg = Release|Any CPU
		{3423F041-1DA3-4B94-BDBA-6A44C3D94495}.Release|Any CPU.Build.0 = Release|Any CPU
		{C3E3AFFE-748F-4490-B560-75A43BB1B9C6}.Debug|Any CPU.ActiveCfg = Debug|Any CPU
		{C3E3AFFE-748F-4490-B560-75A43BB1B9C6}.Debug|Any CPU.Build.0 = Debug|Any CPU
		{C3E3AFFE-748F-4490-B560-75A43BB1B9C6}.Release|Any CPU.ActiveCfg = Release|Any CPU
		{C3E3AFFE-748F-4490-B560-75A43BB1B9C6}.Release|Any CPU.Build.0 = Release|Any CPU
	EndGlobalSection
	GlobalSection(SolutionProperties) = preSolution
		HideSolutionNode = FALSE
	EndGlobalSection
EndGlobal
