
Microsoft Visual Studio Solution File, Format Version 10.00
# Visual Studio 2008
Project("{FAE04EC0-301F-11D3-BF4B-00C04F79EFBC}") = "MvcDebugIntoSource", "MvcDebugIntoSource\MvcDebugIntoSource.csproj", "{907DCB51-995A-4FAA-970B-09B0EE8BD71E}"
EndProject
Project("{FAE04EC0-301F-11D3-BF4B-00C04F79EFBC}") = "System.Web.Mvc", "mvcsource\MVC\src\SystemWebMvc\System.Web.Mvc.csproj", "{3D3FFD8A-624D-4E9B-954B-E1C105507975}"
EndProject
Global
	GlobalSection(SolutionConfigurationPlatforms) = preSolution
		Debug|Any CPU = Debug|Any CPU
		Release|Any CPU = Release|Any CPU
	EndGlobalSection
	GlobalSection(ProjectConfigurationPlatforms) = postSolution
		{907DCB51-995A-4FAA-970B-09B0EE8BD71E}.Debug|Any CPU.ActiveCfg = Debug|Any CPU
		{907DCB51-995A-4FAA-970B-09B0EE8BD71E}.Debug|Any CPU.Build.0 = Debug|Any CPU
		{907DCB51-995A-4FAA-970B-09B0EE8BD71E}.Release|Any CPU.ActiveCfg = Release|Any CPU
		{907DCB51-995A-4FAA-970B-09B0EE8BD71E}.Release|Any CPU.Build.0 = Release|Any CPU
		{3D3FFD8A-624D-4E9B-954B-E1C105507975}.Debug|Any CPU.ActiveCfg = Debug|Any CPU
		{3D3FFD8A-624D-4E9B-954B-E1C105507975}.Debug|Any CPU.Build.0 = Debug|Any CPU
		{3D3FFD8A-624D-4E9B-954B-E1C105507975}.Release|Any CPU.ActiveCfg = Release|Any CPU
		{3D3FFD8A-624D-4E9B-954B-E1C105507975}.Release|Any CPU.Build.0 = Release|Any CPU
	EndGlobalSection
	GlobalSection(SolutionProperties) = preSolution
		HideSolutionNode = FALSE
	EndGlobalSection
EndGlobal
