
Microsoft Visual Studio Solution File, Format Version 11.00
# Visual Studio 2010
Project("{FAE04EC0-301F-11D3-BF4B-00C04F79EFBC}") = "MSBuildCodeQuality.Business", "MSBuildCodeQuality.Business\MSBuildCodeQuality.Business.csproj", "{F346C3C7-56E6-415D-97DB-F14EF6007D51}"
EndProject
Project("{2150E333-8FDC-42A3-9474-1A3956D46DE8}") = "Solution Items", "Solution Items", "{34CD022F-F5E0-4B28-AF22-E852DA62946F}"
	ProjectSection(SolutionItems) = preProject
		CodeQuality.bat = CodeQuality.bat
		CodeQuality.targets = CodeQuality.targets
		Settings.StyleCop = Settings.StyleCop
	EndProjectSection
EndProject
Project("{FAE04EC0-301F-11D3-BF4B-00C04F79EFBC}") = "MSBuildCodeQuality.ConApp", "MSBuildCodeQuality.ConApp\MSBuildCodeQuality.ConApp.csproj", "{BE326E02-862B-4701-955D-3AE673090EA7}"
EndProject
Project("{2150E333-8FDC-42A3-9474-1A3956D46DE8}") = "Lib", "Lib", "{866E0270-A00E-438D-9635-D5E4AC08682C}"
	ProjectSection(SolutionItems) = preProject
		Lib\Microsoft.SourceAnalysis.Targets = Lib\Microsoft.SourceAnalysis.Targets
		Lib\Microsoft.StyleCop.CSharp.dll = Lib\Microsoft.StyleCop.CSharp.dll
		Lib\Microsoft.StyleCop.CSharp.Rules.dll = Lib\Microsoft.StyleCop.CSharp.Rules.dll
		Lib\Microsoft.StyleCop.dll = Lib\Microsoft.StyleCop.dll
		Lib\Microsoft.StyleCop.Targets = Lib\Microsoft.StyleCop.Targets
		Lib\MSBuild.ExtensionPack.StyleCop.dll = Lib\MSBuild.ExtensionPack.StyleCop.dll
		Lib\MSBuild.ExtensionPack.tasks = Lib\MSBuild.ExtensionPack.tasks
		Lib\Settings.StyleCop = Lib\Settings.StyleCop
		Lib\StyleCopSettingsEditor.exe = Lib\StyleCopSettingsEditor.exe
	EndProjectSection
EndProject
Global
	GlobalSection(SolutionConfigurationPlatforms) = preSolution
		Debug|Any CPU = Debug|Any CPU
		Debug|Mixed Platforms = Debug|Mixed Platforms
		Debug|x86 = Debug|x86
		Release|Any CPU = Release|Any CPU
		Release|Mixed Platforms = Release|Mixed Platforms
		Release|x86 = Release|x86
	EndGlobalSection
	GlobalSection(ProjectConfigurationPlatforms) = postSolution
		{F346C3C7-56E6-415D-97DB-F14EF6007D51}.Debug|Any CPU.ActiveCfg = Debug|Any CPU
		{F346C3C7-56E6-415D-97DB-F14EF6007D51}.Debug|Any CPU.Build.0 = Debug|Any CPU
		{F346C3C7-56E6-415D-97DB-F14EF6007D51}.Debug|Mixed Platforms.ActiveCfg = Debug|Any CPU
		{F346C3C7-56E6-415D-97DB-F14EF6007D51}.Debug|Mixed Platforms.Build.0 = Debug|Any CPU
		{F346C3C7-56E6-415D-97DB-F14EF6007D51}.Debug|x86.ActiveCfg = Debug|Any CPU
		{F346C3C7-56E6-415D-97DB-F14EF6007D51}.Release|Any CPU.ActiveCfg = Release|Any CPU
		{F346C3C7-56E6-415D-97DB-F14EF6007D51}.Release|Any CPU.Build.0 = Release|Any CPU
		{F346C3C7-56E6-415D-97DB-F14EF6007D51}.Release|Mixed Platforms.ActiveCfg = Release|Any CPU
		{F346C3C7-56E6-415D-97DB-F14EF6007D51}.Release|Mixed Platforms.Build.0 = Release|Any CPU
		{F346C3C7-56E6-415D-97DB-F14EF6007D51}.Release|x86.ActiveCfg = Release|Any CPU
		{BE326E02-862B-4701-955D-3AE673090EA7}.Debug|Any CPU.ActiveCfg = Debug|x86
		{BE326E02-862B-4701-955D-3AE673090EA7}.Debug|Mixed Platforms.ActiveCfg = Debug|x86
		{BE326E02-862B-4701-955D-3AE673090EA7}.Debug|Mixed Platforms.Build.0 = Debug|x86
		{BE326E02-862B-4701-955D-3AE673090EA7}.Debug|x86.ActiveCfg = Debug|x86
		{BE326E02-862B-4701-955D-3AE673090EA7}.Debug|x86.Build.0 = Debug|x86
		{BE326E02-862B-4701-955D-3AE673090EA7}.Release|Any CPU.ActiveCfg = Release|x86
		{BE326E02-862B-4701-955D-3AE673090EA7}.Release|Mixed Platforms.ActiveCfg = Release|x86
		{BE326E02-862B-4701-955D-3AE673090EA7}.Release|Mixed Platforms.Build.0 = Release|x86
		{BE326E02-862B-4701-955D-3AE673090EA7}.Release|x86.ActiveCfg = Release|x86
		{BE326E02-862B-4701-955D-3AE673090EA7}.Release|x86.Build.0 = Release|x86
	EndGlobalSection
	GlobalSection(SolutionProperties) = preSolution
		HideSolutionNode = FALSE
	EndGlobalSection
	GlobalSection(NestedProjects) = preSolution
		{866E0270-A00E-438D-9635-D5E4AC08682C} = {34CD022F-F5E0-4B28-AF22-E852DA62946F}
	EndGlobalSection
EndGlobal
