
Microsoft Visual Studio Solution File, Format Version 10.00
# Visual Studio 2008
Project("{FAE04EC0-301F-11D3-BF4B-00C04F79EFBC}") = "MvcCombine", "MvcCombine\MvcCombine.csproj", "{05AB7ACD-1C71-416F-86A0-B96302C03801}"
EndProject
Project("{2150E333-8FDC-42A3-9474-1A3956D46DE8}") = "Shared", "Shared", "{81EC8125-C480-4B72-84F2-7EE970F399B9}"
	ProjectSection(SolutionItems) = preProject
		Shared\ajaxmin.dll = Shared\ajaxmin.dll
		Shared\Combres.dll = Shared\Combres.dll
		Shared\DotCommon.dll = Shared\DotCommon.dll
		Shared\DotCommon.Mvc.dll = Shared\DotCommon.Mvc.dll
		Shared\DotCommon.Web.dll = Shared\DotCommon.Web.dll
		Shared\EcmaScript.NET.modified.dll = Shared\EcmaScript.NET.modified.dll
		Shared\Fasterflect.dll = Shared\Fasterflect.dll
		Shared\log4net.dll = Shared\log4net.dll
		Shared\Yahoo.Yui.Compressor.dll = Shared\Yahoo.Yui.Compressor.dll
	EndProjectSection
EndProject
Global
	GlobalSection(SolutionConfigurationPlatforms) = preSolution
		Debug|Any CPU = Debug|Any CPU
		Release|Any CPU = Release|Any CPU
	EndGlobalSection
	GlobalSection(ProjectConfigurationPlatforms) = postSolution
		{05AB7ACD-1C71-416F-86A0-B96302C03801}.Debug|Any CPU.ActiveCfg = Debug|Any CPU
		{05AB7ACD-1C71-416F-86A0-B96302C03801}.Debug|Any CPU.Build.0 = Debug|Any CPU
		{05AB7ACD-1C71-416F-86A0-B96302C03801}.Release|Any CPU.ActiveCfg = Release|Any CPU
		{05AB7ACD-1C71-416F-86A0-B96302C03801}.Release|Any CPU.Build.0 = Release|Any CPU
	EndGlobalSection
	GlobalSection(SolutionProperties) = preSolution
		HideSolutionNode = FALSE
	EndGlobalSection
EndGlobal
