
Microsoft Visual Studio Solution File, Format Version 11.00
# Visual Studio 2010
Project("{FAE04EC0-301F-11D3-BF4B-00C04F79EFBC}") = "MvcRequestValidation", "MvcRequestValidation\MvcRequestValidation.csproj", "{FF549525-7691-495F-B494-79B1F099249A}"
EndProject
Global
	GlobalSection(SolutionConfigurationPlatforms) = preSolution
		Debug|Any CPU = Debug|Any CPU
		Release|Any CPU = Release|Any CPU
	EndGlobalSection
	GlobalSection(ProjectConfigurationPlatforms) = postSolution
		{FF549525-7691-495F-B494-79B1F099249A}.Debug|Any CPU.ActiveCfg = Debug|Any CPU
		{FF549525-7691-495F-B494-79B1F099249A}.Debug|Any CPU.Build.0 = Debug|Any CPU
		{FF549525-7691-495F-B494-79B1F099249A}.Release|Any CPU.ActiveCfg = Release|Any CPU
		{FF549525-7691-495F-B494-79B1F099249A}.Release|Any CPU.Build.0 = Release|Any CPU
	EndGlobalSection
	GlobalSection(SolutionProperties) = preSolution
		HideSolutionNode = FALSE
	EndGlobalSection
EndGlobal
