Microsoft Visual Studio Solution File, Format Version 12.00
# Visual Studio 2012
Project("{2150E333-8FDC-42A3-9474-1A3956D46DE8}") = ".nuget", ".nuget", "{ACE18941-042E-4267-8AFF-5A3D6E2BB477}"
	ProjectSection(SolutionItems) = preProject
		.nuget\NuGet.Config = .nuget\NuGet.Config
		.nuget\NuGet.exe = .nuget\NuGet.exe
		.nuget\NuGet.targets = .nuget\NuGet.targets
	EndProjectSection
EndProject
Project("{2150E333-8FDC-42A3-9474-1A3956D46DE8}") = "Lib", "Lib", "{4BD2A68C-0229-4A17-8B90-D3B0EA11E230}"
	ProjectSection(SolutionItems) = preProject
		Lib\Microsoft.Practices.Unity.Silverlight.dll = Lib\Microsoft.Practices.Unity.Silverlight.dll
		Lib\System.ServiceModel.Syndication.dll = Lib\System.ServiceModel.Syndication.dll
		Lib\System.Xml.XPath.dll = Lib\System.Xml.XPath.dll
		Lib\WPAppStudio.Shared.dll = Lib\WPAppStudio.Shared.dll
	EndProjectSection
EndProject
Project("{2150E333-8FDC-42A3-9474-1A3956D46DE8}") = "1 - UI", "1 - UI", "{E8F89561-62E0-4997-B11A-76D1D6E282CC}"
EndProject
Project("{FAE04EC0-301F-11D3-BF4B-00C04F79EFBC}") = "WP8App", "WP8App\WP8App.csproj", "{690ECA4C-6939-4014-9305-B01A8A3A25E1}"
EndProject
Project("{2150E333-8FDC-42A3-9474-1A3956D46DE8}") = "2 - Data", "2 - Data", "{7387751C-EFBD-4F4F-A6B6-C73B717A8EEA}"
EndProject
Project("{FAE04EC0-301F-11D3-BF4B-00C04F79EFBC}") = "Repositories", "Repositories\Repositories.csproj", "{1D176505-6E5D-4400-94D2-7959E6F71EE6}"
EndProject
Project("{FAE04EC0-301F-11D3-BF4B-00C04F79EFBC}") = "Entities", "Entities\Entities.csproj", "{B63D8F0B-1FE5-4242-A26E-85AB1E87A94A}"
EndProject
Global
	GlobalSection(SolutionConfigurationPlatforms) = preSolution
		Debug|Any CPU = Debug|Any CPU
		Debug|ARM = Debug|ARM
		Debug|x86 = Debug|x86
		Release|Any CPU = Release|Any CPU
		Release|ARM = Release|ARM
		Release|x86 = Release|x86
	EndGlobalSection
	GlobalSection(ProjectConfigurationPlatforms) = postSolution
		{690ECA4C-6939-4014-9305-B01A8A3A25E1}.Debug|Any CPU.ActiveCfg = Debug|Any CPU
		{690ECA4C-6939-4014-9305-B01A8A3A25E1}.Debug|Any CPU.Build.0 = Debug|Any CPU
		{690ECA4C-6939-4014-9305-B01A8A3A25E1}.Debug|Any CPU.Deploy.0 = Debug|Any CPU
		{690ECA4C-6939-4014-9305-B01A8A3A25E1}.Debug|ARM.ActiveCfg = Debug|ARM
		{690ECA4C-6939-4014-9305-B01A8A3A25E1}.Debug|ARM.Build.0 = Debug|ARM
		{690ECA4C-6939-4014-9305-B01A8A3A25E1}.Debug|ARM.Deploy.0 = Debug|ARM
		{690ECA4C-6939-4014-9305-B01A8A3A25E1}.Debug|x86.ActiveCfg = Debug|x86
		{690ECA4C-6939-4014-9305-B01A8A3A25E1}.Debug|x86.Build.0 = Debug|x86
		{690ECA4C-6939-4014-9305-B01A8A3A25E1}.Debug|x86.Deploy.0 = Debug|x86
		{690ECA4C-6939-4014-9305-B01A8A3A25E1}.Release|Any CPU.ActiveCfg = Release|Any CPU
		{690ECA4C-6939-4014-9305-B01A8A3A25E1}.Release|Any CPU.Build.0 = Release|Any CPU
		{690ECA4C-6939-4014-9305-B01A8A3A25E1}.Release|Any CPU.Deploy.0 = Release|Any CPU
		{690ECA4C-6939-4014-9305-B01A8A3A25E1}.Release|ARM.ActiveCfg = Release|ARM
		{690ECA4C-6939-4014-9305-B01A8A3A25E1}.Release|ARM.Build.0 = Release|ARM
		{690ECA4C-6939-4014-9305-B01A8A3A25E1}.Release|ARM.Deploy.0 = Release|ARM
		{690ECA4C-6939-4014-9305-B01A8A3A25E1}.Release|x86.ActiveCfg = Release|x86
		{690ECA4C-6939-4014-9305-B01A8A3A25E1}.Release|x86.Build.0 = Release|x86
		{690ECA4C-6939-4014-9305-B01A8A3A25E1}.Release|x86.Deploy.0 = Release|x86
		{1D176505-6E5D-4400-94D2-7959E6F71EE6}.Debug|Any CPU.ActiveCfg = Debug|Any CPU
		{1D176505-6E5D-4400-94D2-7959E6F71EE6}.Debug|Any CPU.Build.0 = Debug|Any CPU
		{1D176505-6E5D-4400-94D2-7959E6F71EE6}.Debug|ARM.ActiveCfg = Debug|ARM
		{1D176505-6E5D-4400-94D2-7959E6F71EE6}.Debug|ARM.Build.0 = Debug|ARM
		{1D176505-6E5D-4400-94D2-7959E6F71EE6}.Debug|x86.ActiveCfg = Debug|x86
		{1D176505-6E5D-4400-94D2-7959E6F71EE6}.Debug|x86.Build.0 = Debug|x86
		{1D176505-6E5D-4400-94D2-7959E6F71EE6}.Release|Any CPU.ActiveCfg = Release|Any CPU
		{1D176505-6E5D-4400-94D2-7959E6F71EE6}.Release|Any CPU.Build.0 = Release|Any CPU
		{1D176505-6E5D-4400-94D2-7959E6F71EE6}.Release|ARM.ActiveCfg = Release|ARM
		{1D176505-6E5D-4400-94D2-7959E6F71EE6}.Release|ARM.Build.0 = Release|ARM
		{1D176505-6E5D-4400-94D2-7959E6F71EE6}.Release|x86.ActiveCfg = Release|x86
		{1D176505-6E5D-4400-94D2-7959E6F71EE6}.Release|x86.Build.0 = Release|x86
		{B63D8F0B-1FE5-4242-A26E-85AB1E87A94A}.Debug|Any CPU.ActiveCfg = Debug|Any CPU
		{B63D8F0B-1FE5-4242-A26E-85AB1E87A94A}.Debug|Any CPU.Build.0 = Debug|Any CPU
		{B63D8F0B-1FE5-4242-A26E-85AB1E87A94A}.Debug|ARM.ActiveCfg = Debug|ARM
		{B63D8F0B-1FE5-4242-A26E-85AB1E87A94A}.Debug|ARM.Build.0 = Debug|ARM
		{B63D8F0B-1FE5-4242-A26E-85AB1E87A94A}.Debug|x86.ActiveCfg = Debug|x86
		{B63D8F0B-1FE5-4242-A26E-85AB1E87A94A}.Debug|x86.Build.0 = Debug|x86
		{B63D8F0B-1FE5-4242-A26E-85AB1E87A94A}.Release|Any CPU.ActiveCfg = Release|Any CPU
		{B63D8F0B-1FE5-4242-A26E-85AB1E87A94A}.Release|Any CPU.Build.0 = Release|Any CPU
		{B63D8F0B-1FE5-4242-A26E-85AB1E87A94A}.Release|ARM.ActiveCfg = Release|ARM
		{B63D8F0B-1FE5-4242-A26E-85AB1E87A94A}.Release|ARM.Build.0 = Release|ARM
		{B63D8F0B-1FE5-4242-A26E-85AB1E87A94A}.Release|x86.ActiveCfg = Release|x86
		{B63D8F0B-1FE5-4242-A26E-85AB1E87A94A}.Release|x86.Build.0 = Release|x86
	EndGlobalSection
	GlobalSection(SolutionProperties) = preSolution
		HideSolutionNode = FALSE
	EndGlobalSection
	GlobalSection(NestedProjects) = preSolution
		{690ECA4C-6939-4014-9305-B01A8A3A25E1} = {E8F89561-62E0-4997-B11A-76D1D6E282CC}
		{1D176505-6E5D-4400-94D2-7959E6F71EE6} = {7387751C-EFBD-4F4F-A6B6-C73B717A8EEA}
		{B63D8F0B-1FE5-4242-A26E-85AB1E87A94A} = {7387751C-EFBD-4F4F-A6B6-C73B717A8EEA}
	EndGlobalSection
EndGlobal
