
Microsoft Visual Studio Solution File, Format Version 10.00
# Visual Studio 2008
Project("{FAE04EC0-301F-11D3-BF4B-00C04F79EFBC}") = "MvcConfig", "MvcConfig\MvcConfig.csproj", "{B1DA3E21-3511-44BC-A2DD-1B8EEE5295E2}"
EndProject
Global
	GlobalSection(SolutionConfigurationPlatforms) = preSolution
		Debug|Any CPU = Debug|Any CPU
		Release|Any CPU = Release|Any CPU
	EndGlobalSection
	GlobalSection(ProjectConfigurationPlatforms) = postSolution
		{B1DA3E21-3511-44BC-A2DD-1B8EEE5295E2}.Debug|Any CPU.ActiveCfg = Debug|Any CPU
		{B1DA3E21-3511-44BC-A2DD-1B8EEE5295E2}.Debug|Any CPU.Build.0 = Debug|Any CPU
		{B1DA3E21-3511-44BC-A2DD-1B8EEE5295E2}.Release|Any CPU.ActiveCfg = Release|Any CPU
		{B1DA3E21-3511-44BC-A2DD-1B8EEE5295E2}.Release|Any CPU.Build.0 = Release|Any CPU
	EndGlobalSection
	GlobalSection(SolutionProperties) = preSolution
		HideSolutionNode = FALSE
	EndGlobalSection
EndGlobal
