
Microsoft Visual Studio Solution File, Format Version 12.00
# Visual Studio 2012
Project("{FAE04EC0-301F-11D3-BF4B-00C04F79EFBC}") = "Wp8AndJson", "Wp8AndJson\Wp8AndJson.csproj", "{BC38BA01-08E4-43BD-BC75-EC55DC4D097F}"
EndProject
Global
	GlobalSection(SolutionConfigurationPlatforms) = preSolution
		Debug|Any CPU = Debug|Any CPU
		Debug|ARM = Debug|ARM
		Debug|x86 = Debug|x86
		Release|Any CPU = Release|Any CPU
		Release|ARM = Release|ARM
		Release|x86 = Release|x86
	EndGlobalSection
	GlobalSection(ProjectConfigurationPlatforms) = postSolution
		{BC38BA01-08E4-43BD-BC75-EC55DC4D097F}.Debug|Any CPU.ActiveCfg = Debug|Any CPU
		{BC38BA01-08E4-43BD-BC75-EC55DC4D097F}.Debug|Any CPU.Build.0 = Debug|Any CPU
		{BC38BA01-08E4-43BD-BC75-EC55DC4D097F}.Debug|Any CPU.Deploy.0 = Debug|Any CPU
		{BC38BA01-08E4-43BD-BC75-EC55DC4D097F}.Debug|ARM.ActiveCfg = Debug|ARM
		{BC38BA01-08E4-43BD-BC75-EC55DC4D097F}.Debug|ARM.Build.0 = Debug|ARM
		{BC38BA01-08E4-43BD-BC75-EC55DC4D097F}.Debug|ARM.Deploy.0 = Debug|ARM
		{BC38BA01-08E4-43BD-BC75-EC55DC4D097F}.Debug|x86.ActiveCfg = Debug|x86
		{BC38BA01-08E4-43BD-BC75-EC55DC4D097F}.Debug|x86.Build.0 = Debug|x86
		{BC38BA01-08E4-43BD-BC75-EC55DC4D097F}.Debug|x86.Deploy.0 = Debug|x86
		{BC38BA01-08E4-43BD-BC75-EC55DC4D097F}.Release|Any CPU.ActiveCfg = Release|Any CPU
		{BC38BA01-08E4-43BD-BC75-EC55DC4D097F}.Release|Any CPU.Build.0 = Release|Any CPU
		{BC38BA01-08E4-43BD-BC75-EC55DC4D097F}.Release|Any CPU.Deploy.0 = Release|Any CPU
		{BC38BA01-08E4-43BD-BC75-EC55DC4D097F}.Release|ARM.ActiveCfg = Release|ARM
		{BC38BA01-08E4-43BD-BC75-EC55DC4D097F}.Release|ARM.Build.0 = Release|ARM
		{BC38BA01-08E4-43BD-BC75-EC55DC4D097F}.Release|ARM.Deploy.0 = Release|ARM
		{BC38BA01-08E4-43BD-BC75-EC55DC4D097F}.Release|x86.ActiveCfg = Release|x86
		{BC38BA01-08E4-43BD-BC75-EC55DC4D097F}.Release|x86.Build.0 = Release|x86
		{BC38BA01-08E4-43BD-BC75-EC55DC4D097F}.Release|x86.Deploy.0 = Release|x86
	EndGlobalSection
	GlobalSection(SolutionProperties) = preSolution
		HideSolutionNode = FALSE
	EndGlobalSection
EndGlobal
