
Microsoft Visual Studio Solution File, Format Version 10.00
# Visual C# Express 2008
Project("{FAE04EC0-301F-11D3-BF4B-00C04F79EFBC}") = "GuidVsId", "GuidVsId\GuidVsId.csproj", "{DC31E8E0-BADF-4F76-BE19-0F16195D48B0}"
EndProject
Global
	GlobalSection(SolutionConfigurationPlatforms) = preSolution
		Debug|Any CPU = Debug|Any CPU
		Release|Any CPU = Release|Any CPU
	EndGlobalSection
	GlobalSection(ProjectConfigurationPlatforms) = postSolution
		{DC31E8E0-BADF-4F76-BE19-0F16195D48B0}.Debug|Any CPU.ActiveCfg = Debug|Any CPU
		{DC31E8E0-BADF-4F76-BE19-0F16195D48B0}.Debug|Any CPU.Build.0 = Debug|Any CPU
		{DC31E8E0-BADF-4F76-BE19-0F16195D48B0}.Release|Any CPU.ActiveCfg = Release|Any CPU
		{DC31E8E0-BADF-4F76-BE19-0F16195D48B0}.Release|Any CPU.Build.0 = Release|Any CPU
	EndGlobalSection
	GlobalSection(SolutionProperties) = preSolution
		HideSolutionNode = FALSE
	EndGlobalSection
EndGlobal
