
Microsoft Visual Studio Solution File, Format Version 12.00
# Visual Studio 15
VisualStudioVersion = 15.0.26403.7
MinimumVisualStudioVersion = 10.0.40219.1
Project("{FAE04EC0-301F-11D3-BF4B-00C04F79EFBC}") = "2_BuildALib.Lib", "2_BuildALib.Lib\2_BuildALib.Lib.csproj", "{2D2672A1-7513-4C46-85EB-43C829132AF5}"
EndProject
Project("{FAE04EC0-301F-11D3-BF4B-00C04F79EFBC}") = "2_BuildALib.Lib.UnitTests", "2_BuildALib.Lib.UnitTests\2_BuildALib.Lib.UnitTests.csproj", "{9432D8D1-7775-43BC-9A55-4110FFE32FBE}"
EndProject
Global
	GlobalSection(SolutionConfigurationPlatforms) = preSolution
		Debug|Any CPU = Debug|Any CPU
		Release|Any CPU = Release|Any CPU
	EndGlobalSection
	GlobalSection(ProjectConfigurationPlatforms) = postSolution
		{2D2672A1-7513-4C46-85EB-43C829132AF5}.Debug|Any CPU.ActiveCfg = Debug|Any CPU
		{2D2672A1-7513-4C46-85EB-43C829132AF5}.Debug|Any CPU.Build.0 = Debug|Any CPU
		{2D2672A1-7513-4C46-85EB-43C829132AF5}.Release|Any CPU.ActiveCfg = Release|Any CPU
		{2D2672A1-7513-4C46-85EB-43C829132AF5}.Release|Any CPU.Build.0 = Release|Any CPU
		{9432D8D1-7775-43BC-9A55-4110FFE32FBE}.Debug|Any CPU.ActiveCfg = Debug|Any CPU
		{9432D8D1-7775-43BC-9A55-4110FFE32FBE}.Debug|Any CPU.Build.0 = Debug|Any CPU
		{9432D8D1-7775-43BC-9A55-4110FFE32FBE}.Release|Any CPU.ActiveCfg = Release|Any CPU
		{9432D8D1-7775-43BC-9A55-4110FFE32FBE}.Release|Any CPU.Build.0 = Release|Any CPU
	EndGlobalSection
	GlobalSection(SolutionProperties) = preSolution
		HideSolutionNode = FALSE
	EndGlobalSection
EndGlobal
