
Microsoft Visual Studio Solution File, Format Version 10.00
# Visual Studio 2008
Project("{FAE04EC0-301F-11D3-BF4B-00C04F79EFBC}") = "SurfaceTwitter", "SurfaceTwitter\SurfaceTwitter.csproj", "{574331E7-D6D4-4C65-B34B-F98E3A2D0024}"
EndProject
Project("{FAE04EC0-301F-11D3-BF4B-00C04F79EFBC}") = "SurfaceTwitterTest", "SurfaceTwitterTest\SurfaceTwitterTest.csproj", "{51F1A6C0-2747-45A9-9CD0-EC373B734868}"
EndProject
Project("{2150E333-8FDC-42A3-9474-1A3956D46DE8}") = "Solution Items", "Solution Items", "{8FBA2103-9924-4DAC-8184-A11401234356}"
	ProjectSection(SolutionItems) = preProject
		LocalTestRun.testrunconfig = LocalTestRun.testrunconfig
		SurfaceTwitter.vsmdi = SurfaceTwitter.vsmdi
	EndProjectSection
EndProject
Global
	GlobalSection(TestCaseManagementSettings) = postSolution
		CategoryFile = SurfaceTwitter.vsmdi
	EndGlobalSection
	GlobalSection(SolutionConfigurationPlatforms) = preSolution
		Debug|Any CPU = Debug|Any CPU
		Release|Any CPU = Release|Any CPU
	EndGlobalSection
	GlobalSection(ProjectConfigurationPlatforms) = postSolution
		{574331E7-D6D4-4C65-B34B-F98E3A2D0024}.Debug|Any CPU.ActiveCfg = Debug|Any CPU
		{574331E7-D6D4-4C65-B34B-F98E3A2D0024}.Debug|Any CPU.Build.0 = Debug|Any CPU
		{574331E7-D6D4-4C65-B34B-F98E3A2D0024}.Release|Any CPU.ActiveCfg = Release|Any CPU
		{574331E7-D6D4-4C65-B34B-F98E3A2D0024}.Release|Any CPU.Build.0 = Release|Any CPU
		{51F1A6C0-2747-45A9-9CD0-EC373B734868}.Debug|Any CPU.ActiveCfg = Debug|Any CPU
		{51F1A6C0-2747-45A9-9CD0-EC373B734868}.Debug|Any CPU.Build.0 = Debug|Any CPU
		{51F1A6C0-2747-45A9-9CD0-EC373B734868}.Release|Any CPU.ActiveCfg = Release|Any CPU
		{51F1A6C0-2747-45A9-9CD0-EC373B734868}.Release|Any CPU.Build.0 = Release|Any CPU
	EndGlobalSection
	GlobalSection(SolutionProperties) = preSolution
		HideSolutionNode = FALSE
	EndGlobalSection
EndGlobal
