
Microsoft Visual Studio Solution File, Format Version 12.00
# Visual Studio 2013
VisualStudioVersion = 12.0.30501.0
MinimumVisualStudioVersion = 10.0.40219.1
Project("{FAE04EC0-301F-11D3-BF4B-00C04F79EFBC}") = "1_HelloOwinWeb", "HelloOwinWeb\1_HelloOwinWeb.csproj", "{96B2CCB5-8470-4EC3-B8AD-BF0603844637}"
EndProject
Project("{FAE04EC0-301F-11D3-BF4B-00C04F79EFBC}") = "2_HelloOwinWebWithMiddleWare", "HelloOwinWebWithMiddleWare\2_HelloOwinWebWithMiddleWare.csproj", "{F514AA94-D3DC-4E92-BB0E-A58F2D27F11E}"
EndProject
Project("{FAE04EC0-301F-11D3-BF4B-00C04F79EFBC}") = "3_OwinWithWebApi", "OwinWithWebApi\3_OwinWithWebApi.csproj", "{8D6925D5-9E84-4874-BC78-1B70F38ACF71}"
EndProject
Project("{FAE04EC0-301F-11D3-BF4B-00C04F79EFBC}") = "4_OwinWithWebApiAndNancy", "OwinWithWebApiAndNancy\4_OwinWithWebApiAndNancy.csproj", "{52E2D2E3-1738-4B92-A368-2400FB614D60}"
EndProject
Project("{FAE04EC0-301F-11D3-BF4B-00C04F79EFBC}") = "5_OwinHostSample", "OwinHostSample\5_OwinHostSample.csproj", "{88B492CF-4E37-4468-82A1-A8CBFA272F95}"
EndProject
Project("{FAE04EC0-301F-11D3-BF4B-00C04F79EFBC}") = "6_SelfHost", "SelfHost\6_SelfHost.csproj", "{91AD1BF3-75B7-4244-BFA0-E94554598607}"
EndProject
Global
	GlobalSection(SolutionConfigurationPlatforms) = preSolution
		Debug|Any CPU = Debug|Any CPU
		Release|Any CPU = Release|Any CPU
	EndGlobalSection
	GlobalSection(ProjectConfigurationPlatforms) = postSolution
		{96B2CCB5-8470-4EC3-B8AD-BF0603844637}.Debug|Any CPU.ActiveCfg = Debug|Any CPU
		{96B2CCB5-8470-4EC3-B8AD-BF0603844637}.Debug|Any CPU.Build.0 = Debug|Any CPU
		{96B2CCB5-8470-4EC3-B8AD-BF0603844637}.Release|Any CPU.ActiveCfg = Release|Any CPU
		{96B2CCB5-8470-4EC3-B8AD-BF0603844637}.Release|Any CPU.Build.0 = Release|Any CPU
		{F514AA94-D3DC-4E92-BB0E-A58F2D27F11E}.Debug|Any CPU.ActiveCfg = Debug|Any CPU
		{F514AA94-D3DC-4E92-BB0E-A58F2D27F11E}.Debug|Any CPU.Build.0 = Debug|Any CPU
		{F514AA94-D3DC-4E92-BB0E-A58F2D27F11E}.Release|Any CPU.ActiveCfg = Release|Any CPU
		{F514AA94-D3DC-4E92-BB0E-A58F2D27F11E}.Release|Any CPU.Build.0 = Release|Any CPU
		{8D6925D5-9E84-4874-BC78-1B70F38ACF71}.Debug|Any CPU.ActiveCfg = Debug|Any CPU
		{8D6925D5-9E84-4874-BC78-1B70F38ACF71}.Debug|Any CPU.Build.0 = Debug|Any CPU
		{8D6925D5-9E84-4874-BC78-1B70F38ACF71}.Release|Any CPU.ActiveCfg = Release|Any CPU
		{8D6925D5-9E84-4874-BC78-1B70F38ACF71}.Release|Any CPU.Build.0 = Release|Any CPU
		{52E2D2E3-1738-4B92-A368-2400FB614D60}.Debug|Any CPU.ActiveCfg = Debug|Any CPU
		{52E2D2E3-1738-4B92-A368-2400FB614D60}.Debug|Any CPU.Build.0 = Debug|Any CPU
		{52E2D2E3-1738-4B92-A368-2400FB614D60}.Release|Any CPU.ActiveCfg = Release|Any CPU
		{52E2D2E3-1738-4B92-A368-2400FB614D60}.Release|Any CPU.Build.0 = Release|Any CPU
		{88B492CF-4E37-4468-82A1-A8CBFA272F95}.Debug|Any CPU.ActiveCfg = Debug|Any CPU
		{88B492CF-4E37-4468-82A1-A8CBFA272F95}.Debug|Any CPU.Build.0 = Debug|Any CPU
		{88B492CF-4E37-4468-82A1-A8CBFA272F95}.Release|Any CPU.ActiveCfg = Release|Any CPU
		{88B492CF-4E37-4468-82A1-A8CBFA272F95}.Release|Any CPU.Build.0 = Release|Any CPU
		{91AD1BF3-75B7-4244-BFA0-E94554598607}.Debug|Any CPU.ActiveCfg = Debug|Any CPU
		{91AD1BF3-75B7-4244-BFA0-E94554598607}.Debug|Any CPU.Build.0 = Debug|Any CPU
		{91AD1BF3-75B7-4244-BFA0-E94554598607}.Release|Any CPU.ActiveCfg = Release|Any CPU
		{91AD1BF3-75B7-4244-BFA0-E94554598607}.Release|Any CPU.Build.0 = Release|Any CPU
	EndGlobalSection
	GlobalSection(SolutionProperties) = preSolution
		HideSolutionNode = FALSE
	EndGlobalSection
EndGlobal
