
Microsoft Visual Studio Solution File, Format Version 12.00
# Visual Studio 15
VisualStudioVersion = 15.0.28010.2050
MinimumVisualStudioVersion = 10.0.40219.1
Project("{FAE04EC0-301F-11D3-BF4B-00C04F79EFBC}") = "AsyncWcf", "AsyncWcf\AsyncWcf.csproj", "{3577051E-5DE5-45FE-B81C-F6895EB2A85B}"
EndProject
Project("{FAE04EC0-301F-11D3-BF4B-00C04F79EFBC}") = "SyncWcf", "SyncWcf\SyncWcf.csproj", "{349A98D4-7002-4298-AC38-77AA08134974}"
EndProject
Global
	GlobalSection(SolutionConfigurationPlatforms) = preSolution
		Debug|Any CPU = Debug|Any CPU
		Release|Any CPU = Release|Any CPU
	EndGlobalSection
	GlobalSection(ProjectConfigurationPlatforms) = postSolution
		{3577051E-5DE5-45FE-B81C-F6895EB2A85B}.Debug|Any CPU.ActiveCfg = Debug|Any CPU
		{3577051E-5DE5-45FE-B81C-F6895EB2A85B}.Debug|Any CPU.Build.0 = Debug|Any CPU
		{3577051E-5DE5-45FE-B81C-F6895EB2A85B}.Release|Any CPU.ActiveCfg = Release|Any CPU
		{3577051E-5DE5-45FE-B81C-F6895EB2A85B}.Release|Any CPU.Build.0 = Release|Any CPU
		{349A98D4-7002-4298-AC38-77AA08134974}.Debug|Any CPU.ActiveCfg = Debug|Any CPU
		{349A98D4-7002-4298-AC38-77AA08134974}.Debug|Any CPU.Build.0 = Debug|Any CPU
		{349A98D4-7002-4298-AC38-77AA08134974}.Release|Any CPU.ActiveCfg = Release|Any CPU
		{349A98D4-7002-4298-AC38-77AA08134974}.Release|Any CPU.Build.0 = Release|Any CPU
	EndGlobalSection
	GlobalSection(SolutionProperties) = preSolution
		HideSolutionNode = FALSE
	EndGlobalSection
	GlobalSection(ExtensibilityGlobals) = postSolution
		SolutionGuid = {31D7C865-0B25-494B-943B-74E20767D2DE}
	EndGlobalSection
EndGlobal
