
Microsoft Visual Studio Solution File, Format Version 10.00
# Visual Studio 2008
Project("{FAE04EC0-301F-11D3-BF4B-00C04F79EFBC}") = "OpenID", "OpenID\OpenID.csproj", "{DE0720E4-F119-4447-B0FB-EF5963761FFF}"
EndProject
Project("{2150E333-8FDC-42A3-9474-1A3956D46DE8}") = "Solution Items", "Solution Items", "{3FBB07E0-8E65-42D4-B530-159DE6DAD041}"
	ProjectSection(SolutionItems) = preProject
		Shared\DotNetOpenAuth.dll = Shared\DotNetOpenAuth.dll
	EndProjectSection
EndProject
Global
	GlobalSection(SolutionConfigurationPlatforms) = preSolution
		Debug|Any CPU = Debug|Any CPU
		Release|Any CPU = Release|Any CPU
	EndGlobalSection
	GlobalSection(ProjectConfigurationPlatforms) = postSolution
		{DE0720E4-F119-4447-B0FB-EF5963761FFF}.Debug|Any CPU.ActiveCfg = Debug|Any CPU
		{DE0720E4-F119-4447-B0FB-EF5963761FFF}.Debug|Any CPU.Build.0 = Debug|Any CPU
		{DE0720E4-F119-4447-B0FB-EF5963761FFF}.Release|Any CPU.ActiveCfg = Release|Any CPU
		{DE0720E4-F119-4447-B0FB-EF5963761FFF}.Release|Any CPU.Build.0 = Release|Any CPU
	EndGlobalSection
	GlobalSection(SolutionProperties) = preSolution
		HideSolutionNode = FALSE
	EndGlobalSection
EndGlobal
