
Microsoft Visual Studio Solution File, Format Version 11.00
# Visual Studio 2010
Project("{FAE04EC0-301F-11D3-BF4B-00C04F79EFBC}") = "MvcControllerInjection", "MvcControllerInjection\MvcControllerInjection.csproj", "{EDE1ADDF-3385-4FF6-8D1C-8D8054DC5509}"
EndProject
Project("{2150E333-8FDC-42A3-9474-1A3956D46DE8}") = "Shared", "Shared", "{F57FDD9F-57C0-466A-981C-37E3206ED86A}"
EndProject
Project("{2150E333-8FDC-42A3-9474-1A3956D46DE8}") = "Castle", "Castle", "{1D5D2B50-BEB9-4ABF-8926-DAA67BCF8ECD}"
	ProjectSection(SolutionItems) = preProject
		Shared\Castle\Castle.Core.dll = Shared\Castle\Castle.Core.dll
		Shared\Castle\Castle.DynamicProxy2.dll = Shared\Castle\Castle.DynamicProxy2.dll
		Shared\Castle\Castle.MicroKernel.dll = Shared\Castle\Castle.MicroKernel.dll
		Shared\Castle\Castle.Windsor.dll = Shared\Castle\Castle.Windsor.dll
	EndProjectSection
EndProject
Project("{2150E333-8FDC-42A3-9474-1A3956D46DE8}") = "MvcContrib", "MvcContrib", "{3E145DAA-55EB-4C36-9162-9756F2925443}"
	ProjectSection(SolutionItems) = preProject
		Shared\MvcContrib\MvcContrib.Castle.dll = Shared\MvcContrib\MvcContrib.Castle.dll
		Shared\MvcContrib\MvcContrib.dll = Shared\MvcContrib\MvcContrib.dll
	EndProjectSection
EndProject
Global
	GlobalSection(SolutionConfigurationPlatforms) = preSolution
		Debug|Any CPU = Debug|Any CPU
		Release|Any CPU = Release|Any CPU
	EndGlobalSection
	GlobalSection(ProjectConfigurationPlatforms) = postSolution
		{EDE1ADDF-3385-4FF6-8D1C-8D8054DC5509}.Debug|Any CPU.ActiveCfg = Debug|Any CPU
		{EDE1ADDF-3385-4FF6-8D1C-8D8054DC5509}.Debug|Any CPU.Build.0 = Debug|Any CPU
		{EDE1ADDF-3385-4FF6-8D1C-8D8054DC5509}.Release|Any CPU.ActiveCfg = Release|Any CPU
		{EDE1ADDF-3385-4FF6-8D1C-8D8054DC5509}.Release|Any CPU.Build.0 = Release|Any CPU
	EndGlobalSection
	GlobalSection(SolutionProperties) = preSolution
		HideSolutionNode = FALSE
	EndGlobalSection
	GlobalSection(NestedProjects) = preSolution
		{1D5D2B50-BEB9-4ABF-8926-DAA67BCF8ECD} = {F57FDD9F-57C0-466A-981C-37E3206ED86A}
		{3E145DAA-55EB-4C36-9162-9756F2925443} = {F57FDD9F-57C0-466A-981C-37E3206ED86A}
	EndGlobalSection
EndGlobal
