
Microsoft Visual Studio Solution File, Format Version 12.00
# Visual Studio Version 17
VisualStudioVersion = 17.4.33205.214
MinimumVisualStudioVersion = 10.0.40219.1
Project("{FAE04EC0-301F-11D3-BF4B-00C04F79EFBC}") = "reactvideo", "reactvideo\reactvideo.csproj", "{557EDBFB-F4F5-4EC4-8442-F2EB4CB0F066}"
EndProject
Global
	GlobalSection(SolutionConfigurationPlatforms) = preSolution
		Debug|Any CPU = Debug|Any CPU
		Release|Any CPU = Release|Any CPU
	EndGlobalSection
	GlobalSection(ProjectConfigurationPlatforms) = postSolution
		{557EDBFB-F4F5-4EC4-8442-F2EB4CB0F066}.Debug|Any CPU.ActiveCfg = Debug|Any CPU
		{557EDBFB-F4F5-4EC4-8442-F2EB4CB0F066}.Debug|Any CPU.Build.0 = Debug|Any CPU
		{557EDBFB-F4F5-4EC4-8442-F2EB4CB0F066}.Release|Any CPU.ActiveCfg = Release|Any CPU
		{557EDBFB-F4F5-4EC4-8442-F2EB4CB0F066}.Release|Any CPU.Build.0 = Release|Any CPU
	EndGlobalSection
	GlobalSection(SolutionProperties) = preSolution
		HideSolutionNode = FALSE
	EndGlobalSection
	GlobalSection(ExtensibilityGlobals) = postSolution
		SolutionGuid = {1D3FCA28-A354-428A-B355-D28DB5709F28}
	EndGlobalSection
EndGlobal
