
Microsoft Visual Studio Solution File, Format Version 12.00
# Visual Studio 14
VisualStudioVersion = 14.0.25420.1
MinimumVisualStudioVersion = 10.0.40219.1
Project("{FAE04EC0-301F-11D3-BF4B-00C04F79EFBC}") = "IdentityTest.WinAuth", "IdentityTest.WinAuth\IdentityTest.WinAuth.csproj", "{95FAB210-6D54-4C8D-8C5A-411DEADD3D8D}"
EndProject
Project("{FAE04EC0-301F-11D3-BF4B-00C04F79EFBC}") = "IdentityTest.IdServerHost", "IdentityTest.IdServerHost\IdentityTest.IdServerHost.csproj", "{47B5B49D-5FAA-4025-83EE-A9A240521EED}"
EndProject
Project("{FAE04EC0-301F-11D3-BF4B-00C04F79EFBC}") = "IdentityTest.WebApp", "IdentityTest.WebApp\IdentityTest.WebApp.csproj", "{CF15DAB6-AAC5-48C9-9810-303B69F21C2C}"
EndProject
Global
	GlobalSection(SolutionConfigurationPlatforms) = preSolution
		Debug|Any CPU = Debug|Any CPU
		Release|Any CPU = Release|Any CPU
	EndGlobalSection
	GlobalSection(ProjectConfigurationPlatforms) = postSolution
		{95FAB210-6D54-4C8D-8C5A-411DEADD3D8D}.Debug|Any CPU.ActiveCfg = Debug|Any CPU
		{95FAB210-6D54-4C8D-8C5A-411DEADD3D8D}.Debug|Any CPU.Build.0 = Debug|Any CPU
		{95FAB210-6D54-4C8D-8C5A-411DEADD3D8D}.Release|Any CPU.ActiveCfg = Release|Any CPU
		{95FAB210-6D54-4C8D-8C5A-411DEADD3D8D}.Release|Any CPU.Build.0 = Release|Any CPU
		{47B5B49D-5FAA-4025-83EE-A9A240521EED}.Debug|Any CPU.ActiveCfg = Debug|Any CPU
		{47B5B49D-5FAA-4025-83EE-A9A240521EED}.Debug|Any CPU.Build.0 = Debug|Any CPU
		{47B5B49D-5FAA-4025-83EE-A9A240521EED}.Release|Any CPU.ActiveCfg = Release|Any CPU
		{47B5B49D-5FAA-4025-83EE-A9A240521EED}.Release|Any CPU.Build.0 = Release|Any CPU
		{CF15DAB6-AAC5-48C9-9810-303B69F21C2C}.Debug|Any CPU.ActiveCfg = Debug|Any CPU
		{CF15DAB6-AAC5-48C9-9810-303B69F21C2C}.Debug|Any CPU.Build.0 = Debug|Any CPU
		{CF15DAB6-AAC5-48C9-9810-303B69F21C2C}.Release|Any CPU.ActiveCfg = Release|Any CPU
		{CF15DAB6-AAC5-48C9-9810-303B69F21C2C}.Release|Any CPU.Build.0 = Release|Any CPU
	EndGlobalSection
	GlobalSection(SolutionProperties) = preSolution
		HideSolutionNode = FALSE
	EndGlobalSection
EndGlobal
