
Microsoft Visual Studio Solution File, Format Version 12.00
# Visual Studio 14
VisualStudioVersion = 14.0.22823.1
MinimumVisualStudioVersion = 10.0.40219.1
Project("{2150E333-8FDC-42A3-9474-1A3956D46DE8}") = "src", "src", "{C40BFEC2-0F14-4E65-9506-2E01CFEA0462}"
EndProject
Project("{2150E333-8FDC-42A3-9474-1A3956D46DE8}") = "Solution Items", "Solution Items", "{FE91B880-E8F8-4AF9-B5D0-93373A2423EC}"
	ProjectSection(SolutionItems) = preProject
		global.json = global.json
	EndProjectSection
EndProject
Project("{8BB2217D-0F2D-49D1-97BC-3654ED321F3B}") = "Default", "src\Default\Default.xproj", "{FB9AC3DE-CB5A-409A-8BB3-20AF53D158D5}"
EndProject
Global
	GlobalSection(SolutionConfigurationPlatforms) = preSolution
		Debug|Any CPU = Debug|Any CPU
		Release|Any CPU = Release|Any CPU
	EndGlobalSection
	GlobalSection(ProjectConfigurationPlatforms) = postSolution
		{FB9AC3DE-CB5A-409A-8BB3-20AF53D158D5}.Debug|Any CPU.ActiveCfg = Debug|Any CPU
		{FB9AC3DE-CB5A-409A-8BB3-20AF53D158D5}.Debug|Any CPU.Build.0 = Debug|Any CPU
		{FB9AC3DE-CB5A-409A-8BB3-20AF53D158D5}.Release|Any CPU.ActiveCfg = Release|Any CPU
		{FB9AC3DE-CB5A-409A-8BB3-20AF53D158D5}.Release|Any CPU.Build.0 = Release|Any CPU
	EndGlobalSection
	GlobalSection(SolutionProperties) = preSolution
		HideSolutionNode = FALSE
	EndGlobalSection
	GlobalSection(NestedProjects) = preSolution
		{FB9AC3DE-CB5A-409A-8BB3-20AF53D158D5} = {C40BFEC2-0F14-4E65-9506-2E01CFEA0462}
	EndGlobalSection
EndGlobal
