
Microsoft Visual Studio Solution File, Format Version 12.00
# Visual Studio 2013
VisualStudioVersion = 12.0.31101.0
MinimumVisualStudioVersion = 10.0.40219.1
Project("{FAE04EC0-301F-11D3-BF4B-00C04F79EFBC}") = "AspNetSuperSimple", "AspNetSuperSimple\AspNetSuperSimple.csproj", "{1047F6DF-491E-4430-B760-85446AB4EDC5}"
EndProject
Global
	GlobalSection(SolutionConfigurationPlatforms) = preSolution
		Debug|Any CPU = Debug|Any CPU
		Release|Any CPU = Release|Any CPU
	EndGlobalSection
	GlobalSection(ProjectConfigurationPlatforms) = postSolution
		{1047F6DF-491E-4430-B760-85446AB4EDC5}.Debug|Any CPU.ActiveCfg = Debug|Any CPU
		{1047F6DF-491E-4430-B760-85446AB4EDC5}.Debug|Any CPU.Build.0 = Debug|Any CPU
		{1047F6DF-491E-4430-B760-85446AB4EDC5}.Release|Any CPU.ActiveCfg = Release|Any CPU
		{1047F6DF-491E-4430-B760-85446AB4EDC5}.Release|Any CPU.Build.0 = Release|Any CPU
	EndGlobalSection
	GlobalSection(SolutionProperties) = preSolution
		HideSolutionNode = FALSE
	EndGlobalSection
EndGlobal
