
Microsoft Visual Studio Solution File, Format Version 10.00
# Visual Studio 2008
Project("{FAE04EC0-301F-11D3-BF4B-00C04F79EFBC}") = "CrossDomainAjax", "CrossDomainAjax\CrossDomainAjax.csproj", "{CC1B0AB2-F9B2-4371-9091-C15FFBB5F9B0}"
EndProject
Project("{FAE04EC0-301F-11D3-BF4B-00C04F79EFBC}") = "SourceDomain", "SourceDomain\SourceDomain.csproj", "{CE32F320-F889-462D-B32E-76F72F2C84F8}"
EndProject
Global
	GlobalSection(SolutionConfigurationPlatforms) = preSolution
		Debug|Any CPU = Debug|Any CPU
		Release|Any CPU = Release|Any CPU
	EndGlobalSection
	GlobalSection(ProjectConfigurationPlatforms) = postSolution
		{CC1B0AB2-F9B2-4371-9091-C15FFBB5F9B0}.Debug|Any CPU.ActiveCfg = Debug|Any CPU
		{CC1B0AB2-F9B2-4371-9091-C15FFBB5F9B0}.Debug|Any CPU.Build.0 = Debug|Any CPU
		{CC1B0AB2-F9B2-4371-9091-C15FFBB5F9B0}.Release|Any CPU.ActiveCfg = Release|Any CPU
		{CC1B0AB2-F9B2-4371-9091-C15FFBB5F9B0}.Release|Any CPU.Build.0 = Release|Any CPU
		{CE32F320-F889-462D-B32E-76F72F2C84F8}.Debug|Any CPU.ActiveCfg = Debug|Any CPU
		{CE32F320-F889-462D-B32E-76F72F2C84F8}.Debug|Any CPU.Build.0 = Debug|Any CPU
		{CE32F320-F889-462D-B32E-76F72F2C84F8}.Release|Any CPU.ActiveCfg = Release|Any CPU
		{CE32F320-F889-462D-B32E-76F72F2C84F8}.Release|Any CPU.Build.0 = Release|Any CPU
	EndGlobalSection
	GlobalSection(SolutionProperties) = preSolution
		HideSolutionNode = FALSE
	EndGlobalSection
EndGlobal
