
Microsoft Visual Studio Solution File, Format Version 10.00
# Visual Studio 2008
Project("{FAE04EC0-301F-11D3-BF4B-00C04F79EFBC}") = "LinqToXmlWriter", "LinqToXmlWriter\LinqToXmlWriter.csproj", "{4F85093B-DF40-4EF1-A463-D00C2699F24D}"
EndProject
Global
	GlobalSection(SolutionConfigurationPlatforms) = preSolution
		Debug|Any CPU = Debug|Any CPU
		Release|Any CPU = Release|Any CPU
	EndGlobalSection
	GlobalSection(ProjectConfigurationPlatforms) = postSolution
		{4F85093B-DF40-4EF1-A463-D00C2699F24D}.Debug|Any CPU.ActiveCfg = Debug|Any CPU
		{4F85093B-DF40-4EF1-A463-D00C2699F24D}.Debug|Any CPU.Build.0 = Debug|Any CPU
		{4F85093B-DF40-4EF1-A463-D00C2699F24D}.Release|Any CPU.ActiveCfg = Release|Any CPU
		{4F85093B-DF40-4EF1-A463-D00C2699F24D}.Release|Any CPU.Build.0 = Release|Any CPU
	EndGlobalSection
	GlobalSection(SolutionProperties) = preSolution
		HideSolutionNode = FALSE
	EndGlobalSection
EndGlobal
