
Microsoft Visual Studio Solution File, Format Version 10.00
# Visual Studio 2008
Project("{FAE04EC0-301F-11D3-BF4B-00C04F79EFBC}") = "HelloMEF.App", "HelloMEF.App\HelloMEF.App.csproj", "{32E7045D-436D-4E19-B778-7B50175671C1}"
EndProject
Project("{FAE04EC0-301F-11D3-BF4B-00C04F79EFBC}") = "HelloMEF.German", "HelloMEF.German\HelloMEF.German.csproj", "{9866FD4B-A5E5-4DCE-BCFA-70F904009CFD}"
EndProject
Project("{FAE04EC0-301F-11D3-BF4B-00C04F79EFBC}") = "HelloMEF.English", "HelloMEF.English\HelloMEF.English.csproj", "{313A27D6-2459-44D0-8030-6831B192B7FC}"
EndProject
Global
	GlobalSection(SolutionConfigurationPlatforms) = preSolution
		Debug|Any CPU = Debug|Any CPU
		Release|Any CPU = Release|Any CPU
	EndGlobalSection
	GlobalSection(ProjectConfigurationPlatforms) = postSolution
		{32E7045D-436D-4E19-B778-7B50175671C1}.Debug|Any CPU.ActiveCfg = Debug|Any CPU
		{32E7045D-436D-4E19-B778-7B50175671C1}.Debug|Any CPU.Build.0 = Debug|Any CPU
		{32E7045D-436D-4E19-B778-7B50175671C1}.Release|Any CPU.ActiveCfg = Release|Any CPU
		{32E7045D-436D-4E19-B778-7B50175671C1}.Release|Any CPU.Build.0 = Release|Any CPU
		{9866FD4B-A5E5-4DCE-BCFA-70F904009CFD}.Debug|Any CPU.ActiveCfg = Debug|Any CPU
		{9866FD4B-A5E5-4DCE-BCFA-70F904009CFD}.Debug|Any CPU.Build.0 = Debug|Any CPU
		{9866FD4B-A5E5-4DCE-BCFA-70F904009CFD}.Release|Any CPU.ActiveCfg = Release|Any CPU
		{9866FD4B-A5E5-4DCE-BCFA-70F904009CFD}.Release|Any CPU.Build.0 = Release|Any CPU
		{313A27D6-2459-44D0-8030-6831B192B7FC}.Debug|Any CPU.ActiveCfg = Debug|Any CPU
		{313A27D6-2459-44D0-8030-6831B192B7FC}.Debug|Any CPU.Build.0 = Debug|Any CPU
		{313A27D6-2459-44D0-8030-6831B192B7FC}.Release|Any CPU.ActiveCfg = Release|Any CPU
		{313A27D6-2459-44D0-8030-6831B192B7FC}.Release|Any CPU.Build.0 = Release|Any CPU
	EndGlobalSection
	GlobalSection(SolutionProperties) = preSolution
		HideSolutionNode = FALSE
	EndGlobalSection
EndGlobal
