
Microsoft Visual Studio Solution File, Format Version 12.00
# Visual Studio 2013
VisualStudioVersion = 12.0.31101.0
MinimumVisualStudioVersion = 10.0.40219.1
Project("{FAE04EC0-301F-11D3-BF4B-00C04F79EFBC}") = "JsonConvertIssuesWithBaseClasses", "JsonConvertIssuesWithBaseClasses\JsonConvertIssuesWithBaseClasses.csproj", "{45B1A577-A1E3-4D4D-B2B3-B2C748CBC794}"
EndProject
Global
	GlobalSection(SolutionConfigurationPlatforms) = preSolution
		Debug|Any CPU = Debug|Any CPU
		Release|Any CPU = Release|Any CPU
	EndGlobalSection
	GlobalSection(ProjectConfigurationPlatforms) = postSolution
		{45B1A577-A1E3-4D4D-B2B3-B2C748CBC794}.Debug|Any CPU.ActiveCfg = Debug|Any CPU
		{45B1A577-A1E3-4D4D-B2B3-B2C748CBC794}.Debug|Any CPU.Build.0 = Debug|Any CPU
		{45B1A577-A1E3-4D4D-B2B3-B2C748CBC794}.Release|Any CPU.ActiveCfg = Release|Any CPU
		{45B1A577-A1E3-4D4D-B2B3-B2C748CBC794}.Release|Any CPU.Build.0 = Release|Any CPU
	EndGlobalSection
	GlobalSection(SolutionProperties) = preSolution
		HideSolutionNode = FALSE
	EndGlobalSection
EndGlobal
