
Microsoft Visual Studio Solution File, Format Version 10.00
# Visual Studio 2008
Project("{FAE04EC0-301F-11D3-BF4B-00C04F79EFBC}") = "DllMembership.Lib", "DllMembership.Lib\DllMembership.Lib.csproj", "{B8D610B1-7728-4441-ADB6-6552213CDEC6}"
EndProject
Project("{FAE04EC0-301F-11D3-BF4B-00C04F79EFBC}") = "DllMembership.Web", "DllMembership.Web\DllMembership.Web.csproj", "{3727FCD1-03B3-428A-AF2E-7D38A16CC156}"
EndProject
Project("{FAE04EC0-301F-11D3-BF4B-00C04F79EFBC}") = "DllMembership.Test", "DllMembership.Test\DllMembership.Test.csproj", "{D5BF2710-D82E-4DEB-AC99-B598A6B857DD}"
EndProject
Project("{2150E333-8FDC-42A3-9474-1A3956D46DE8}") = "Solution Items", "Solution Items", "{2ED5F553-15C7-414A-ACBF-6DC7E0D49E18}"
	ProjectSection(SolutionItems) = preProject
		DllMembership.vsmdi = DllMembership.vsmdi
		LocalTestRun.testrunconfig = LocalTestRun.testrunconfig
	EndProjectSection
EndProject
Global
	GlobalSection(TestCaseManagementSettings) = postSolution
		CategoryFile = DllMembership.vsmdi
	EndGlobalSection
	GlobalSection(SolutionConfigurationPlatforms) = preSolution
		Debug|Any CPU = Debug|Any CPU
		Release|Any CPU = Release|Any CPU
	EndGlobalSection
	GlobalSection(ProjectConfigurationPlatforms) = postSolution
		{B8D610B1-7728-4441-ADB6-6552213CDEC6}.Debug|Any CPU.ActiveCfg = Debug|Any CPU
		{B8D610B1-7728-4441-ADB6-6552213CDEC6}.Debug|Any CPU.Build.0 = Debug|Any CPU
		{B8D610B1-7728-4441-ADB6-6552213CDEC6}.Release|Any CPU.ActiveCfg = Release|Any CPU
		{B8D610B1-7728-4441-ADB6-6552213CDEC6}.Release|Any CPU.Build.0 = Release|Any CPU
		{3727FCD1-03B3-428A-AF2E-7D38A16CC156}.Debug|Any CPU.ActiveCfg = Debug|Any CPU
		{3727FCD1-03B3-428A-AF2E-7D38A16CC156}.Debug|Any CPU.Build.0 = Debug|Any CPU
		{3727FCD1-03B3-428A-AF2E-7D38A16CC156}.Release|Any CPU.ActiveCfg = Release|Any CPU
		{3727FCD1-03B3-428A-AF2E-7D38A16CC156}.Release|Any CPU.Build.0 = Release|Any CPU
		{D5BF2710-D82E-4DEB-AC99-B598A6B857DD}.Debug|Any CPU.ActiveCfg = Debug|Any CPU
		{D5BF2710-D82E-4DEB-AC99-B598A6B857DD}.Debug|Any CPU.Build.0 = Debug|Any CPU
		{D5BF2710-D82E-4DEB-AC99-B598A6B857DD}.Release|Any CPU.ActiveCfg = Release|Any CPU
		{D5BF2710-D82E-4DEB-AC99-B598A6B857DD}.Release|Any CPU.Build.0 = Release|Any CPU
	EndGlobalSection
	GlobalSection(SolutionProperties) = preSolution
		HideSolutionNode = FALSE
	EndGlobalSection
EndGlobal
