
Microsoft Visual Studio Solution File, Format Version 11.00
# Visual Studio 2010
Project("{FAE04EC0-301F-11D3-BF4B-00C04F79EFBC}") = "MvcApplication15", "MvcApplication15\MvcApplication15.csproj", "{5E82F346-D305-472E-9FF2-AA9D1BFCE3E4}"
EndProject
Global
	GlobalSection(SolutionConfigurationPlatforms) = preSolution
		Debug|Any CPU = Debug|Any CPU
		Release|Any CPU = Release|Any CPU
	EndGlobalSection
	GlobalSection(ProjectConfigurationPlatforms) = postSolution
		{5E82F346-D305-472E-9FF2-AA9D1BFCE3E4}.Debug|Any CPU.ActiveCfg = Debug|Any CPU
		{5E82F346-D305-472E-9FF2-AA9D1BFCE3E4}.Debug|Any CPU.Build.0 = Debug|Any CPU
		{5E82F346-D305-472E-9FF2-AA9D1BFCE3E4}.Release|Any CPU.ActiveCfg = Release|Any CPU
		{5E82F346-D305-472E-9FF2-AA9D1BFCE3E4}.Release|Any CPU.Build.0 = Release|Any CPU
	EndGlobalSection
	GlobalSection(SolutionProperties) = preSolution
		HideSolutionNode = FALSE
	EndGlobalSection
EndGlobal
