
Microsoft Visual Studio Solution File, Format Version 11.00
# Visual Studio 2010
Project("{FAE04EC0-301F-11D3-BF4B-00C04F79EFBC}") = "MvcControllerHttpContextTests", "MvcControllerHttpContextTests\MvcControllerHttpContextTests.csproj", "{F2E83A88-7677-4C2E-9162-B2994EB9BD2C}"
EndProject
Project("{2150E333-8FDC-42A3-9474-1A3956D46DE8}") = "Solution Items", "Solution Items", "{9BEBF3AB-A2C0-4848-8C20-C7CF8E882D41}"
	ProjectSection(SolutionItems) = preProject
		SharedBin\Moq.dll = SharedBin\Moq.dll
		SharedBin\nunit.framework.dll = SharedBin\nunit.framework.dll
	EndProjectSection
EndProject
Project("{FAE04EC0-301F-11D3-BF4B-00C04F79EFBC}") = "MvcControllerHttpContextTests.Tests", "MvcControllerHttpContextTests.Tests\MvcControllerHttpContextTests.Tests.csproj", "{F4F972BB-ED25-4BD8-906E-94AD3DA7F9AA}"
EndProject
Global
	GlobalSection(SolutionConfigurationPlatforms) = preSolution
		Debug|Any CPU = Debug|Any CPU
		Release|Any CPU = Release|Any CPU
	EndGlobalSection
	GlobalSection(ProjectConfigurationPlatforms) = postSolution
		{F2E83A88-7677-4C2E-9162-B2994EB9BD2C}.Debug|Any CPU.ActiveCfg = Debug|Any CPU
		{F2E83A88-7677-4C2E-9162-B2994EB9BD2C}.Debug|Any CPU.Build.0 = Debug|Any CPU
		{F2E83A88-7677-4C2E-9162-B2994EB9BD2C}.Release|Any CPU.ActiveCfg = Release|Any CPU
		{F2E83A88-7677-4C2E-9162-B2994EB9BD2C}.Release|Any CPU.Build.0 = Release|Any CPU
		{F4F972BB-ED25-4BD8-906E-94AD3DA7F9AA}.Debug|Any CPU.ActiveCfg = Debug|Any CPU
		{F4F972BB-ED25-4BD8-906E-94AD3DA7F9AA}.Debug|Any CPU.Build.0 = Debug|Any CPU
		{F4F972BB-ED25-4BD8-906E-94AD3DA7F9AA}.Release|Any CPU.ActiveCfg = Release|Any CPU
		{F4F972BB-ED25-4BD8-906E-94AD3DA7F9AA}.Release|Any CPU.Build.0 = Release|Any CPU
	EndGlobalSection
	GlobalSection(SolutionProperties) = preSolution
		HideSolutionNode = FALSE
	EndGlobalSection
EndGlobal
