
Microsoft Visual Studio Solution File, Format Version 12.00
# Visual Studio Version 16
VisualStudioVersion = 16.0.29318.209
MinimumVisualStudioVersion = 10.0.40219.1
Project("{9A19103F-16F7-4668-BE54-9A1E7A4F7556}") = "NetCoreAdminTest", "NetCoreAdminTest\NetCoreAdminTest.csproj", "{B3DD2184-EBDB-48B5-B8BC-34E66A837F38}"
EndProject
Project("{FAE04EC0-301F-11D3-BF4B-00C04F79EFBC}") = "NetFrameworkAdminTest", "NetFrameworkAdminTest\NetFrameworkAdminTest.csproj", "{869F90BF-B38A-4CF9-806F-16CBCA3E89FE}"
EndProject
Global
	GlobalSection(SolutionConfigurationPlatforms) = preSolution
		Debug|Any CPU = Debug|Any CPU
		Release|Any CPU = Release|Any CPU
	EndGlobalSection
	GlobalSection(ProjectConfigurationPlatforms) = postSolution
		{B3DD2184-EBDB-48B5-B8BC-34E66A837F38}.Debug|Any CPU.ActiveCfg = Debug|Any CPU
		{B3DD2184-EBDB-48B5-B8BC-34E66A837F38}.Debug|Any CPU.Build.0 = Debug|Any CPU
		{B3DD2184-EBDB-48B5-B8BC-34E66A837F38}.Release|Any CPU.ActiveCfg = Release|Any CPU
		{B3DD2184-EBDB-48B5-B8BC-34E66A837F38}.Release|Any CPU.Build.0 = Release|Any CPU
		{869F90BF-B38A-4CF9-806F-16CBCA3E89FE}.Debug|Any CPU.ActiveCfg = Debug|Any CPU
		{869F90BF-B38A-4CF9-806F-16CBCA3E89FE}.Debug|Any CPU.Build.0 = Debug|Any CPU
		{869F90BF-B38A-4CF9-806F-16CBCA3E89FE}.Release|Any CPU.ActiveCfg = Release|Any CPU
		{869F90BF-B38A-4CF9-806F-16CBCA3E89FE}.Release|Any CPU.Build.0 = Release|Any CPU
	EndGlobalSection
	GlobalSection(SolutionProperties) = preSolution
		HideSolutionNode = FALSE
	EndGlobalSection
	GlobalSection(ExtensibilityGlobals) = postSolution
		SolutionGuid = {71150CD0-9ED8-4986-8DE6-63EBAAA07F27}
	EndGlobalSection
EndGlobal
