
Microsoft Visual Studio Solution File, Format Version 10.00
# Visual Studio 2008
Project("{FAE04EC0-301F-11D3-BF4B-00C04F79EFBC}") = "MvcFacebookConnect", "MvcFacebookConnect\MvcFacebookConnect.csproj", "{04B37E88-A344-42AC-B3CD-2EA14048692B}"
EndProject
Project("{2150E333-8FDC-42A3-9474-1A3956D46DE8}") = "Shared", "Shared", "{61C4DDD9-4CBD-4F3E-8443-8797109166B8}"
	ProjectSection(SolutionItems) = preProject
		Shared\Facebook.dll = Shared\Facebook.dll
		Shared\Facebook.Web.dll = Shared\Facebook.Web.dll
		Shared\Facebook.Web.Mvc.dll = Shared\Facebook.Web.Mvc.dll
	EndProjectSection
EndProject
Global
	GlobalSection(SolutionConfigurationPlatforms) = preSolution
		Debug|Any CPU = Debug|Any CPU
		Release|Any CPU = Release|Any CPU
	EndGlobalSection
	GlobalSection(ProjectConfigurationPlatforms) = postSolution
		{04B37E88-A344-42AC-B3CD-2EA14048692B}.Debug|Any CPU.ActiveCfg = Debug|Any CPU
		{04B37E88-A344-42AC-B3CD-2EA14048692B}.Debug|Any CPU.Build.0 = Debug|Any CPU
		{04B37E88-A344-42AC-B3CD-2EA14048692B}.Release|Any CPU.ActiveCfg = Release|Any CPU
		{04B37E88-A344-42AC-B3CD-2EA14048692B}.Release|Any CPU.Build.0 = Release|Any CPU
	EndGlobalSection
	GlobalSection(SolutionProperties) = preSolution
		HideSolutionNode = FALSE
	EndGlobalSection
EndGlobal
