
Microsoft Visual Studio Solution File, Format Version 10.00
# Visual Studio 2008
Project("{FAE04EC0-301F-11D3-BF4B-00C04F79EFBC}") = "Mvc2", "Mvc2\Mvc2.csproj", "{DEC6514B-7EE2-4331-B082-2398443D19B9}"
EndProject
Project("{FAE04EC0-301F-11D3-BF4B-00C04F79EFBC}") = "Mvc2Tests", "Mvc2Tests\Mvc2Tests.csproj", "{0BE64B74-22F8-405E-86B1-28DDB469B14A}"
EndProject
Global
	GlobalSection(SolutionConfigurationPlatforms) = preSolution
		Debug|Any CPU = Debug|Any CPU
		Release|Any CPU = Release|Any CPU
	EndGlobalSection
	GlobalSection(ProjectConfigurationPlatforms) = postSolution
		{DEC6514B-7EE2-4331-B082-2398443D19B9}.Debug|Any CPU.ActiveCfg = Debug|Any CPU
		{DEC6514B-7EE2-4331-B082-2398443D19B9}.Debug|Any CPU.Build.0 = Debug|Any CPU
		{DEC6514B-7EE2-4331-B082-2398443D19B9}.Release|Any CPU.ActiveCfg = Release|Any CPU
		{DEC6514B-7EE2-4331-B082-2398443D19B9}.Release|Any CPU.Build.0 = Release|Any CPU
		{0BE64B74-22F8-405E-86B1-28DDB469B14A}.Debug|Any CPU.ActiveCfg = Debug|Any CPU
		{0BE64B74-22F8-405E-86B1-28DDB469B14A}.Debug|Any CPU.Build.0 = Debug|Any CPU
		{0BE64B74-22F8-405E-86B1-28DDB469B14A}.Release|Any CPU.ActiveCfg = Release|Any CPU
		{0BE64B74-22F8-405E-86B1-28DDB469B14A}.Release|Any CPU.Build.0 = Release|Any CPU
	EndGlobalSection
	GlobalSection(SolutionProperties) = preSolution
		HideSolutionNode = FALSE
	EndGlobalSection
EndGlobal
