
Microsoft Visual Studio Solution File, Format Version 11.00
# Visual Studio 2010
Project("{FAE04EC0-301F-11D3-BF4B-00C04F79EFBC}") = "AssemblyInfoKeepItDry.Model", "AssemblyInfoKeepItDry.Model\AssemblyInfoKeepItDry.Model.csproj", "{26C09593-0C78-4D31-9BBF-6B07EE985107}"
EndProject
Project("{FAE04EC0-301F-11D3-BF4B-00C04F79EFBC}") = "AssemblyInfoKeepItDry.Service", "AssemblyInfoKeepItDry.Service\AssemblyInfoKeepItDry.Service.csproj", "{3C9E6E20-8444-4566-A002-946C93A73BBF}"
EndProject
Project("{FAE04EC0-301F-11D3-BF4B-00C04F79EFBC}") = "AssemblyInfoKeepItDry.Bla", "AssemblyInfoKeepItDry.Bla\AssemblyInfoKeepItDry.Bla.csproj", "{3FC600ED-0700-4D18-922F-5B65B671E70E}"
EndProject
Project("{2150E333-8FDC-42A3-9474-1A3956D46DE8}") = "Solution Items", "Solution Items", "{DA782D40-482D-4D28-A976-F508B18F1440}"
	ProjectSection(SolutionItems) = preProject
		GlobalAssemblyInfo.cs = GlobalAssemblyInfo.cs
	EndProjectSection
EndProject
Global
	GlobalSection(SolutionConfigurationPlatforms) = preSolution
		Debug|Any CPU = Debug|Any CPU
		Release|Any CPU = Release|Any CPU
	EndGlobalSection
	GlobalSection(ProjectConfigurationPlatforms) = postSolution
		{26C09593-0C78-4D31-9BBF-6B07EE985107}.Debug|Any CPU.ActiveCfg = Debug|Any CPU
		{26C09593-0C78-4D31-9BBF-6B07EE985107}.Debug|Any CPU.Build.0 = Debug|Any CPU
		{26C09593-0C78-4D31-9BBF-6B07EE985107}.Release|Any CPU.ActiveCfg = Release|Any CPU
		{26C09593-0C78-4D31-9BBF-6B07EE985107}.Release|Any CPU.Build.0 = Release|Any CPU
		{3C9E6E20-8444-4566-A002-946C93A73BBF}.Debug|Any CPU.ActiveCfg = Debug|Any CPU
		{3C9E6E20-8444-4566-A002-946C93A73BBF}.Debug|Any CPU.Build.0 = Debug|Any CPU
		{3C9E6E20-8444-4566-A002-946C93A73BBF}.Release|Any CPU.ActiveCfg = Release|Any CPU
		{3C9E6E20-8444-4566-A002-946C93A73BBF}.Release|Any CPU.Build.0 = Release|Any CPU
		{3FC600ED-0700-4D18-922F-5B65B671E70E}.Debug|Any CPU.ActiveCfg = Debug|Any CPU
		{3FC600ED-0700-4D18-922F-5B65B671E70E}.Debug|Any CPU.Build.0 = Debug|Any CPU
		{3FC600ED-0700-4D18-922F-5B65B671E70E}.Release|Any CPU.ActiveCfg = Release|Any CPU
		{3FC600ED-0700-4D18-922F-5B65B671E70E}.Release|Any CPU.Build.0 = Release|Any CPU
	EndGlobalSection
	GlobalSection(SolutionProperties) = preSolution
		HideSolutionNode = FALSE
	EndGlobalSection
EndGlobal
