
Microsoft Visual Studio Solution File, Format Version 11.00
# Visual Studio 2010
Project("{FAE04EC0-301F-11D3-BF4B-00C04F79EFBC}") = "MvcDropDownListHelper", "MvcDropDownListHelper\MvcDropDownListHelper.csproj", "{FECD121B-8B63-42B6-82D5-05442EB1BBEA}"
EndProject
Global
	GlobalSection(SolutionConfigurationPlatforms) = preSolution
		Debug|Any CPU = Debug|Any CPU
		Release|Any CPU = Release|Any CPU
	EndGlobalSection
	GlobalSection(ProjectConfigurationPlatforms) = postSolution
		{FECD121B-8B63-42B6-82D5-05442EB1BBEA}.Debug|Any CPU.ActiveCfg = Debug|Any CPU
		{FECD121B-8B63-42B6-82D5-05442EB1BBEA}.Debug|Any CPU.Build.0 = Debug|Any CPU
		{FECD121B-8B63-42B6-82D5-05442EB1BBEA}.Release|Any CPU.ActiveCfg = Release|Any CPU
		{FECD121B-8B63-42B6-82D5-05442EB1BBEA}.Release|Any CPU.Build.0 = Release|Any CPU
	EndGlobalSection
	GlobalSection(SolutionProperties) = preSolution
		HideSolutionNode = FALSE
	EndGlobalSection
EndGlobal
