
Microsoft Visual Studio Solution File, Format Version 10.00
# Visual Studio 2008
Project("{FAE04EC0-301F-11D3-BF4B-00C04F79EFBC}") = "MvcAppOffline", "MvcAppOffline\MvcAppOffline.csproj", "{FB45AB4C-B508-4010-9B89-0C609435FB4A}"
EndProject
Global
	GlobalSection(SolutionConfigurationPlatforms) = preSolution
		Debug|Any CPU = Debug|Any CPU
		Release|Any CPU = Release|Any CPU
	EndGlobalSection
	GlobalSection(ProjectConfigurationPlatforms) = postSolution
		{FB45AB4C-B508-4010-9B89-0C609435FB4A}.Debug|Any CPU.ActiveCfg = Debug|Any CPU
		{FB45AB4C-B508-4010-9B89-0C609435FB4A}.Debug|Any CPU.Build.0 = Debug|Any CPU
		{FB45AB4C-B508-4010-9B89-0C609435FB4A}.Release|Any CPU.ActiveCfg = Release|Any CPU
		{FB45AB4C-B508-4010-9B89-0C609435FB4A}.Release|Any CPU.Build.0 = Release|Any CPU
	EndGlobalSection
	GlobalSection(SolutionProperties) = preSolution
		HideSolutionNode = FALSE
	EndGlobalSection
EndGlobal
