
Microsoft Visual Studio Solution File, Format Version 10.00
# Visual Studio 2008
Project("{FAE04EC0-301F-11D3-BF4B-00C04F79EFBC}") = "MvcBinding", "MvcBinding\MvcBinding.csproj", "{7111B048-63B2-4D0B-B3EB-5FD4461C6A9E}"
EndProject
Project("{FAE04EC0-301F-11D3-BF4B-00C04F79EFBC}") = "MvcBinding.Tests", "MvcBinding.Tests\MvcBinding.Tests.csproj", "{6C9871A7-4AFD-47E7-8052-BE4F896F15B9}"
EndProject
Global
	GlobalSection(SolutionConfigurationPlatforms) = preSolution
		Debug|Any CPU = Debug|Any CPU
		Release|Any CPU = Release|Any CPU
	EndGlobalSection
	GlobalSection(ProjectConfigurationPlatforms) = postSolution
		{7111B048-63B2-4D0B-B3EB-5FD4461C6A9E}.Debug|Any CPU.ActiveCfg = Debug|Any CPU
		{7111B048-63B2-4D0B-B3EB-5FD4461C6A9E}.Debug|Any CPU.Build.0 = Debug|Any CPU
		{7111B048-63B2-4D0B-B3EB-5FD4461C6A9E}.Release|Any CPU.ActiveCfg = Release|Any CPU
		{7111B048-63B2-4D0B-B3EB-5FD4461C6A9E}.Release|Any CPU.Build.0 = Release|Any CPU
		{6C9871A7-4AFD-47E7-8052-BE4F896F15B9}.Debug|Any CPU.ActiveCfg = Debug|Any CPU
		{6C9871A7-4AFD-47E7-8052-BE4F896F15B9}.Debug|Any CPU.Build.0 = Debug|Any CPU
		{6C9871A7-4AFD-47E7-8052-BE4F896F15B9}.Release|Any CPU.ActiveCfg = Release|Any CPU
		{6C9871A7-4AFD-47E7-8052-BE4F896F15B9}.Release|Any CPU.Build.0 = Release|Any CPU
	EndGlobalSection
	GlobalSection(SolutionProperties) = preSolution
		HideSolutionNode = FALSE
	EndGlobalSection
EndGlobal
