
Microsoft Visual Studio Solution File, Format Version 11.00
# Visual Studio 2010
Project("{FAE04EC0-301F-11D3-BF4B-00C04F79EFBC}") = "pingback.webapp", "pingback.webapp\pingback.webapp.csproj", "{B77966C0-655A-4A19-BA44-6C5B848C4AFF}"
EndProject
Global
	GlobalSection(SolutionConfigurationPlatforms) = preSolution
		Debug|Any CPU = Debug|Any CPU
		Release|Any CPU = Release|Any CPU
	EndGlobalSection
	GlobalSection(ProjectConfigurationPlatforms) = postSolution
		{B77966C0-655A-4A19-BA44-6C5B848C4AFF}.Debug|Any CPU.ActiveCfg = Debug|Any CPU
		{B77966C0-655A-4A19-BA44-6C5B848C4AFF}.Debug|Any CPU.Build.0 = Debug|Any CPU
		{B77966C0-655A-4A19-BA44-6C5B848C4AFF}.Release|Any CPU.ActiveCfg = Release|Any CPU
		{B77966C0-655A-4A19-BA44-6C5B848C4AFF}.Release|Any CPU.Build.0 = Release|Any CPU
	EndGlobalSection
	GlobalSection(SolutionProperties) = preSolution
		HideSolutionNode = FALSE
	EndGlobalSection
EndGlobal
