
Microsoft Visual Studio Solution File, Format Version 12.00
# Visual Studio 2012
Project("{FAE04EC0-301F-11D3-BF4B-00C04F79EFBC}") = "NestedCustomConfig", "NestedCustomConfig\NestedCustomConfig.csproj", "{2F71C946-8B6E-41E4-ABED-4DBDD277AE4B}"
EndProject
Global
	GlobalSection(SolutionConfigurationPlatforms) = preSolution
		Debug|Any CPU = Debug|Any CPU
		Release|Any CPU = Release|Any CPU
	EndGlobalSection
	GlobalSection(ProjectConfigurationPlatforms) = postSolution
		{2F71C946-8B6E-41E4-ABED-4DBDD277AE4B}.Debug|Any CPU.ActiveCfg = Debug|Any CPU
		{2F71C946-8B6E-41E4-ABED-4DBDD277AE4B}.Debug|Any CPU.Build.0 = Debug|Any CPU
		{2F71C946-8B6E-41E4-ABED-4DBDD277AE4B}.Release|Any CPU.ActiveCfg = Release|Any CPU
		{2F71C946-8B6E-41E4-ABED-4DBDD277AE4B}.Release|Any CPU.Build.0 = Release|Any CPU
	EndGlobalSection
	GlobalSection(SolutionProperties) = preSolution
		HideSolutionNode = FALSE
	EndGlobalSection
EndGlobal
