
Microsoft Visual Studio Solution File, Format Version 10.00
# Visual Studio 2008
Project("{FAE04EC0-301F-11D3-BF4B-00C04F79EFBC}") = "MvcCascadingDropdownJson", "MvcCascadingDropdownJson\MvcCascadingDropdownJson.csproj", "{E774A42E-DA15-4F73-84E1-2EC990D1C94A}"
EndProject
Global
	GlobalSection(SolutionConfigurationPlatforms) = preSolution
		Debug|Any CPU = Debug|Any CPU
		Release|Any CPU = Release|Any CPU
	EndGlobalSection
	GlobalSection(ProjectConfigurationPlatforms) = postSolution
		{E774A42E-DA15-4F73-84E1-2EC990D1C94A}.Debug|Any CPU.ActiveCfg = Debug|Any CPU
		{E774A42E-DA15-4F73-84E1-2EC990D1C94A}.Debug|Any CPU.Build.0 = Debug|Any CPU
		{E774A42E-DA15-4F73-84E1-2EC990D1C94A}.Release|Any CPU.ActiveCfg = Release|Any CPU
		{E774A42E-DA15-4F73-84E1-2EC990D1C94A}.Release|Any CPU.Build.0 = Release|Any CPU
	EndGlobalSection
	GlobalSection(SolutionProperties) = preSolution
		HideSolutionNode = FALSE
	EndGlobalSection
EndGlobal
