
Microsoft Visual Studio Solution File, Format Version 11.00
# Visual Studio 2010
Project("{FAE04EC0-301F-11D3-BF4B-00C04F79EFBC}") = "MSBuildNUnit.Business", "MSBuildNUnit.Business\MSBuildNUnit.Business.csproj", "{7DACDBBB-3215-4B47-80B9-A89D0F69111A}"
EndProject
Project("{FAE04EC0-301F-11D3-BF4B-00C04F79EFBC}") = "MSBuildNUnit.Tests", "MSBuildNUnit.Tests\MSBuildNUnit.Tests.csproj", "{643AC1FA-BBEA-4EA4-A5F9-1A99804922F0}"
EndProject
Project("{2150E333-8FDC-42A3-9474-1A3956D46DE8}") = "Build", "Build", "{03A7BFEC-D69D-4ED4-9128-7787403800CC}"
	ProjectSection(SolutionItems) = preProject
		Build\CommonBuildSteps.targets = Build\CommonBuildSteps.targets
		Build\LocalBuild.bat = Build\LocalBuild.bat
	EndProjectSection
EndProject
Project("{2150E333-8FDC-42A3-9474-1A3956D46DE8}") = "Lib", "Lib", "{E5E30E44-5B4C-4E09-94E4-93685BF768CB}"
	ProjectSection(SolutionItems) = preProject
		Build\Lib\MSBuild.Community.Tasks.dll = Build\Lib\MSBuild.Community.Tasks.dll
		Build\Lib\MSBuild.Community.Tasks.Targets = Build\Lib\MSBuild.Community.Tasks.Targets
	EndProjectSection
EndProject
Project("{2150E333-8FDC-42A3-9474-1A3956D46DE8}") = "Lib", "Lib", "{AC1A5136-48F4-435C-B034-209FBD1C09DD}"
	ProjectSection(SolutionItems) = preProject
		Lib\nunit.framework.dll = Lib\nunit.framework.dll
	EndProjectSection
EndProject
Global
	GlobalSection(SolutionConfigurationPlatforms) = preSolution
		Debug|Any CPU = Debug|Any CPU
		Release|Any CPU = Release|Any CPU
	EndGlobalSection
	GlobalSection(ProjectConfigurationPlatforms) = postSolution
		{7DACDBBB-3215-4B47-80B9-A89D0F69111A}.Debug|Any CPU.ActiveCfg = Debug|Any CPU
		{7DACDBBB-3215-4B47-80B9-A89D0F69111A}.Debug|Any CPU.Build.0 = Debug|Any CPU
		{7DACDBBB-3215-4B47-80B9-A89D0F69111A}.Release|Any CPU.ActiveCfg = Release|Any CPU
		{7DACDBBB-3215-4B47-80B9-A89D0F69111A}.Release|Any CPU.Build.0 = Release|Any CPU
		{643AC1FA-BBEA-4EA4-A5F9-1A99804922F0}.Debug|Any CPU.ActiveCfg = Debug|Any CPU
		{643AC1FA-BBEA-4EA4-A5F9-1A99804922F0}.Debug|Any CPU.Build.0 = Debug|Any CPU
		{643AC1FA-BBEA-4EA4-A5F9-1A99804922F0}.Release|Any CPU.ActiveCfg = Release|Any CPU
		{643AC1FA-BBEA-4EA4-A5F9-1A99804922F0}.Release|Any CPU.Build.0 = Release|Any CPU
	EndGlobalSection
	GlobalSection(SolutionProperties) = preSolution
		HideSolutionNode = FALSE
	EndGlobalSection
	GlobalSection(NestedProjects) = preSolution
		{E5E30E44-5B4C-4E09-94E4-93685BF768CB} = {03A7BFEC-D69D-4ED4-9128-7787403800CC}
	EndGlobalSection
EndGlobal
