
Microsoft Visual Studio Solution File, Format Version 10.00
# Visual Studio 2008
Project("{FAE04EC0-301F-11D3-BF4B-00C04F79EFBC}") = "MvcElmah", "MvcElmah\MvcElmah.csproj", "{CA32AC8F-75E9-4154-847C-7D89650BEC59}"
EndProject
Global
	GlobalSection(SolutionConfigurationPlatforms) = preSolution
		Debug|Any CPU = Debug|Any CPU
		Release|Any CPU = Release|Any CPU
	EndGlobalSection
	GlobalSection(ProjectConfigurationPlatforms) = postSolution
		{CA32AC8F-75E9-4154-847C-7D89650BEC59}.Debug|Any CPU.ActiveCfg = Debug|Any CPU
		{CA32AC8F-75E9-4154-847C-7D89650BEC59}.Debug|Any CPU.Build.0 = Debug|Any CPU
		{CA32AC8F-75E9-4154-847C-7D89650BEC59}.Release|Any CPU.ActiveCfg = Release|Any CPU
		{CA32AC8F-75E9-4154-847C-7D89650BEC59}.Release|Any CPU.Build.0 = Release|Any CPU
	EndGlobalSection
	GlobalSection(SolutionProperties) = preSolution
		HideSolutionNode = FALSE
	EndGlobalSection
EndGlobal
