
Microsoft Visual Studio Solution File, Format Version 12.00
# Visual Studio 2013
VisualStudioVersion = 12.0.20827.3
MinimumVisualStudioVersion = 10.0.40219.1
Project("{FAE04EC0-301F-11D3-BF4B-00C04F79EFBC}") = "1_Scaffolding", "OneAspNetSample\1_Scaffolding.csproj", "{154980C0-B788-4EEA-9971-44C6702AADD7}"
EndProject
Project("{FAE04EC0-301F-11D3-BF4B-00C04F79EFBC}") = "2_Auth", "Auth\2_Auth.csproj", "{F8E2B84E-8569-453E-8EC2-F34AE618F174}"
EndProject
Project("{FAE04EC0-301F-11D3-BF4B-00C04F79EFBC}") = "3.1_HelloOwin", "HelloOwin\3.1_HelloOwin.csproj", "{4DED092D-943E-4651-B231-71E99B6F7831}"
EndProject
Project("{2150E333-8FDC-42A3-9474-1A3956D46DE8}") = "1 - Scaffold", "1 - Scaffold", "{AD42871A-3CDA-49DA-ADFE-832FE5CAE1B9}"
EndProject
Project("{2150E333-8FDC-42A3-9474-1A3956D46DE8}") = "2 - To Owin", "2 - To Owin", "{01ABDA6A-068B-4807-92F3-B30996379474}"
EndProject
Project("{2150E333-8FDC-42A3-9474-1A3956D46DE8}") = "3 - OWIN", "3 - OWIN", "{4F72130C-8378-46A6-AC66-1510344AC628}"
EndProject
Project("{FAE04EC0-301F-11D3-BF4B-00C04F79EFBC}") = "3.2_HelloOwinWithMiddleware", "HelloOwinWithMiddleware\3.2_HelloOwinWithMiddleware.csproj", "{541992C5-BCF7-4361-856D-5AF15872F98E}"
EndProject
Project("{FAE04EC0-301F-11D3-BF4B-00C04F79EFBC}") = "3.3_OwinWithWebApi", "OwinWithWebApi\3.3_OwinWithWebApi.csproj", "{AFD4B927-0FC1-4B0B-962E-CFB378540C59}"
EndProject
Project("{FAE04EC0-301F-11D3-BF4B-00C04F79EFBC}") = "3.4_OwinWithWebApiAndNancy", "OwinWithWebApiAndNancy\3.4_OwinWithWebApiAndNancy.csproj", "{DB326D52-0DB8-41BC-BD48-56777252BEC7}"
EndProject
Project("{FAE04EC0-301F-11D3-BF4B-00C04F79EFBC}") = "3.5_OwinDiagnosticsAndOwinHost", "OwinDiagnostics\3.5_OwinDiagnosticsAndOwinHost.csproj", "{1FF821A0-6369-41E2-A399-45F020D1C653}"
EndProject
Project("{FAE04EC0-301F-11D3-BF4B-00C04F79EFBC}") = "3.6_SelfHost", "SelfHost\3.6_SelfHost.csproj", "{60C334E4-046B-4FAC-8F3E-2FC57164BE2C}"
EndProject
Global
	GlobalSection(SolutionConfigurationPlatforms) = preSolution
		Debug|Any CPU = Debug|Any CPU
		Release|Any CPU = Release|Any CPU
	EndGlobalSection
	GlobalSection(ProjectConfigurationPlatforms) = postSolution
		{154980C0-B788-4EEA-9971-44C6702AADD7}.Debug|Any CPU.ActiveCfg = Debug|Any CPU
		{154980C0-B788-4EEA-9971-44C6702AADD7}.Debug|Any CPU.Build.0 = Debug|Any CPU
		{154980C0-B788-4EEA-9971-44C6702AADD7}.Release|Any CPU.ActiveCfg = Release|Any CPU
		{154980C0-B788-4EEA-9971-44C6702AADD7}.Release|Any CPU.Build.0 = Release|Any CPU
		{F8E2B84E-8569-453E-8EC2-F34AE618F174}.Debug|Any CPU.ActiveCfg = Debug|Any CPU
		{F8E2B84E-8569-453E-8EC2-F34AE618F174}.Debug|Any CPU.Build.0 = Debug|Any CPU
		{F8E2B84E-8569-453E-8EC2-F34AE618F174}.Release|Any CPU.ActiveCfg = Release|Any CPU
		{F8E2B84E-8569-453E-8EC2-F34AE618F174}.Release|Any CPU.Build.0 = Release|Any CPU
		{4DED092D-943E-4651-B231-71E99B6F7831}.Debug|Any CPU.ActiveCfg = Debug|Any CPU
		{4DED092D-943E-4651-B231-71E99B6F7831}.Debug|Any CPU.Build.0 = Debug|Any CPU
		{4DED092D-943E-4651-B231-71E99B6F7831}.Release|Any CPU.ActiveCfg = Release|Any CPU
		{4DED092D-943E-4651-B231-71E99B6F7831}.Release|Any CPU.Build.0 = Release|Any CPU
		{541992C5-BCF7-4361-856D-5AF15872F98E}.Debug|Any CPU.ActiveCfg = Debug|Any CPU
		{541992C5-BCF7-4361-856D-5AF15872F98E}.Debug|Any CPU.Build.0 = Debug|Any CPU
		{541992C5-BCF7-4361-856D-5AF15872F98E}.Release|Any CPU.ActiveCfg = Release|Any CPU
		{541992C5-BCF7-4361-856D-5AF15872F98E}.Release|Any CPU.Build.0 = Release|Any CPU
		{AFD4B927-0FC1-4B0B-962E-CFB378540C59}.Debug|Any CPU.ActiveCfg = Debug|Any CPU
		{AFD4B927-0FC1-4B0B-962E-CFB378540C59}.Debug|Any CPU.Build.0 = Debug|Any CPU
		{AFD4B927-0FC1-4B0B-962E-CFB378540C59}.Release|Any CPU.ActiveCfg = Release|Any CPU
		{AFD4B927-0FC1-4B0B-962E-CFB378540C59}.Release|Any CPU.Build.0 = Release|Any CPU
		{DB326D52-0DB8-41BC-BD48-56777252BEC7}.Debug|Any CPU.ActiveCfg = Debug|Any CPU
		{DB326D52-0DB8-41BC-BD48-56777252BEC7}.Debug|Any CPU.Build.0 = Debug|Any CPU
		{DB326D52-0DB8-41BC-BD48-56777252BEC7}.Release|Any CPU.ActiveCfg = Release|Any CPU
		{DB326D52-0DB8-41BC-BD48-56777252BEC7}.Release|Any CPU.Build.0 = Release|Any CPU
		{1FF821A0-6369-41E2-A399-45F020D1C653}.Debug|Any CPU.ActiveCfg = Debug|Any CPU
		{1FF821A0-6369-41E2-A399-45F020D1C653}.Debug|Any CPU.Build.0 = Debug|Any CPU
		{1FF821A0-6369-41E2-A399-45F020D1C653}.Release|Any CPU.ActiveCfg = Release|Any CPU
		{1FF821A0-6369-41E2-A399-45F020D1C653}.Release|Any CPU.Build.0 = Release|Any CPU
		{60C334E4-046B-4FAC-8F3E-2FC57164BE2C}.Debug|Any CPU.ActiveCfg = Debug|Any CPU
		{60C334E4-046B-4FAC-8F3E-2FC57164BE2C}.Debug|Any CPU.Build.0 = Debug|Any CPU
		{60C334E4-046B-4FAC-8F3E-2FC57164BE2C}.Release|Any CPU.ActiveCfg = Release|Any CPU
		{60C334E4-046B-4FAC-8F3E-2FC57164BE2C}.Release|Any CPU.Build.0 = Release|Any CPU
	EndGlobalSection
	GlobalSection(SolutionProperties) = preSolution
		HideSolutionNode = FALSE
	EndGlobalSection
	GlobalSection(NestedProjects) = preSolution
		{154980C0-B788-4EEA-9971-44C6702AADD7} = {AD42871A-3CDA-49DA-ADFE-832FE5CAE1B9}
		{F8E2B84E-8569-453E-8EC2-F34AE618F174} = {01ABDA6A-068B-4807-92F3-B30996379474}
		{4DED092D-943E-4651-B231-71E99B6F7831} = {4F72130C-8378-46A6-AC66-1510344AC628}
		{541992C5-BCF7-4361-856D-5AF15872F98E} = {4F72130C-8378-46A6-AC66-1510344AC628}
		{AFD4B927-0FC1-4B0B-962E-CFB378540C59} = {4F72130C-8378-46A6-AC66-1510344AC628}
		{DB326D52-0DB8-41BC-BD48-56777252BEC7} = {4F72130C-8378-46A6-AC66-1510344AC628}
		{1FF821A0-6369-41E2-A399-45F020D1C653} = {4F72130C-8378-46A6-AC66-1510344AC628}
		{60C334E4-046B-4FAC-8F3E-2FC57164BE2C} = {4F72130C-8378-46A6-AC66-1510344AC628}
	EndGlobalSection
EndGlobal
