
Microsoft Visual Studio Solution File, Format Version 10.00
# Visual Studio 2008
Project("{FAE04EC0-301F-11D3-BF4B-00C04F79EFBC}") = "MvcValidation", "MvcValidation\MvcValidation.csproj", "{0023F157-A1FA-4693-B9E2-FDEB6DB6957E}"
EndProject
Global
	GlobalSection(SolutionConfigurationPlatforms) = preSolution
		Debug|Any CPU = Debug|Any CPU
		Release|Any CPU = Release|Any CPU
	EndGlobalSection
	GlobalSection(ProjectConfigurationPlatforms) = postSolution
		{0023F157-A1FA-4693-B9E2-FDEB6DB6957E}.Debug|Any CPU.ActiveCfg = Debug|Any CPU
		{0023F157-A1FA-4693-B9E2-FDEB6DB6957E}.Debug|Any CPU.Build.0 = Debug|Any CPU
		{0023F157-A1FA-4693-B9E2-FDEB6DB6957E}.Release|Any CPU.ActiveCfg = Release|Any CPU
		{0023F157-A1FA-4693-B9E2-FDEB6DB6957E}.Release|Any CPU.Build.0 = Release|Any CPU
	EndGlobalSection
	GlobalSection(SolutionProperties) = preSolution
		HideSolutionNode = FALSE
	EndGlobalSection
EndGlobal
