
Microsoft Visual Studio Solution File, Format Version 9.00
# Visual Studio 2005
Project("{FAE04EC0-301F-11D3-BF4B-00C04F79EFBC}") = "TestDatenbankMySQL", "TestDatenbankMySQL\TestDatenbankMySQL.csproj", "{A9A2AB7F-5AD1-45A8-8393-67DCD609D65B}"
EndProject
Global
	GlobalSection(SolutionConfigurationPlatforms) = preSolution
		Debug|Any CPU = Debug|Any CPU
		Release|Any CPU = Release|Any CPU
	EndGlobalSection
	GlobalSection(ProjectConfigurationPlatforms) = postSolution
		{A9A2AB7F-5AD1-45A8-8393-67DCD609D65B}.Debug|Any CPU.ActiveCfg = Debug|Any CPU
		{A9A2AB7F-5AD1-45A8-8393-67DCD609D65B}.Debug|Any CPU.Build.0 = Debug|Any CPU
		{A9A2AB7F-5AD1-45A8-8393-67DCD609D65B}.Release|Any CPU.ActiveCfg = Release|Any CPU
		{A9A2AB7F-5AD1-45A8-8393-67DCD609D65B}.Release|Any CPU.Build.0 = Release|Any CPU
	EndGlobalSection
	GlobalSection(SolutionProperties) = preSolution
		HideSolutionNode = FALSE
	EndGlobalSection
EndGlobal
