
Microsoft Visual Studio Solution File, Format Version 10.00
# Visual Studio 2008
Project("{FAE04EC0-301F-11D3-BF4B-00C04F79EFBC}") = "MvcRenderWithParameters", "MvcRenderWithParameters\MvcRenderWithParameters.csproj", "{4FA18D4C-E8E7-480C-BDDC-BFA28B92997F}"
EndProject
Project("{2150E333-8FDC-42A3-9474-1A3956D46DE8}") = "Shared", "Shared", "{D572C37B-C3A5-44CA-B66A-F7A5305057D7}"
	ProjectSection(SolutionItems) = preProject
		Shared\Microsoft.Web.Mvc.dll = Shared\Microsoft.Web.Mvc.dll
	EndProjectSection
EndProject
Global
	GlobalSection(SolutionConfigurationPlatforms) = preSolution
		Debug|Any CPU = Debug|Any CPU
		Release|Any CPU = Release|Any CPU
	EndGlobalSection
	GlobalSection(ProjectConfigurationPlatforms) = postSolution
		{4FA18D4C-E8E7-480C-BDDC-BFA28B92997F}.Debug|Any CPU.ActiveCfg = Debug|Any CPU
		{4FA18D4C-E8E7-480C-BDDC-BFA28B92997F}.Debug|Any CPU.Build.0 = Debug|Any CPU
		{4FA18D4C-E8E7-480C-BDDC-BFA28B92997F}.Release|Any CPU.ActiveCfg = Release|Any CPU
		{4FA18D4C-E8E7-480C-BDDC-BFA28B92997F}.Release|Any CPU.Build.0 = Release|Any CPU
	EndGlobalSection
	GlobalSection(SolutionProperties) = preSolution
		HideSolutionNode = FALSE
	EndGlobalSection
EndGlobal
