
Microsoft Visual Studio Solution File, Format Version 10.00
# Visual Studio 2008
Project("{FAE04EC0-301F-11D3-BF4B-00C04F79EFBC}") = "ASPHealthmonitoring", "ASPHealthmonitoring\ASPHealthmonitoring.csproj", "{94D0D1DF-9FCB-45AC-90AF-0BEBE09F07FC}"
EndProject
Global
	GlobalSection(SolutionConfigurationPlatforms) = preSolution
		Debug|Any CPU = Debug|Any CPU
		Release|Any CPU = Release|Any CPU
	EndGlobalSection
	GlobalSection(ProjectConfigurationPlatforms) = postSolution
		{94D0D1DF-9FCB-45AC-90AF-0BEBE09F07FC}.Debug|Any CPU.ActiveCfg = Debug|Any CPU
		{94D0D1DF-9FCB-45AC-90AF-0BEBE09F07FC}.Debug|Any CPU.Build.0 = Debug|Any CPU
		{94D0D1DF-9FCB-45AC-90AF-0BEBE09F07FC}.Release|Any CPU.ActiveCfg = Release|Any CPU
		{94D0D1DF-9FCB-45AC-90AF-0BEBE09F07FC}.Release|Any CPU.Build.0 = Release|Any CPU
	EndGlobalSection
	GlobalSection(SolutionProperties) = preSolution
		HideSolutionNode = FALSE
	EndGlobalSection
EndGlobal
