
Microsoft Visual Studio Solution File, Format Version 10.00
# Visual Studio 2008
Project("{FAE04EC0-301F-11D3-BF4B-00C04F79EFBC}") = "MvcAjaxSuggestion", "MvcAjaxSuggestion\MvcAjaxSuggestion.csproj", "{A8195DFD-1BBD-44A8-A54B-02CE24EB718B}"
EndProject
Global
	GlobalSection(SolutionConfigurationPlatforms) = preSolution
		Debug|Any CPU = Debug|Any CPU
		Release|Any CPU = Release|Any CPU
	EndGlobalSection
	GlobalSection(ProjectConfigurationPlatforms) = postSolution
		{A8195DFD-1BBD-44A8-A54B-02CE24EB718B}.Debug|Any CPU.ActiveCfg = Debug|Any CPU
		{A8195DFD-1BBD-44A8-A54B-02CE24EB718B}.Debug|Any CPU.Build.0 = Debug|Any CPU
		{A8195DFD-1BBD-44A8-A54B-02CE24EB718B}.Release|Any CPU.ActiveCfg = Release|Any CPU
		{A8195DFD-1BBD-44A8-A54B-02CE24EB718B}.Release|Any CPU.Build.0 = Release|Any CPU
	EndGlobalSection
	GlobalSection(SolutionProperties) = preSolution
		HideSolutionNode = FALSE
	EndGlobalSection
EndGlobal
